// !$*UTF8*$!
{
	archiveVersion = 1;
	classes = {
	};
	objectVersion = 56;
	objects = {

/* Begin PBXBuildFile section */
		BE0B0EEF2AAE42DD00ABB961 /* HWSChallenge21_Swift.swift in Sources */ = {isa = PBXBuildFile; fileRef = BE0B0EEE2AAE42DD00ABB961 /* HWSChallenge21_Swift.swift */; };
		BE26410E2AB22DA2005DEEA2 /* HWSChallenge22_ObjC.m in Sources */ = {isa = PBXBuildFile; fileRef = BE26410D2AB22DA2005DEEA2 /* HWSChallenge22_ObjC.m */; };
		BE2641102AB23F48005DEEA2 /* HWSChallenge22_Swift.swift in Sources */ = {isa = PBXBuildFile; fileRef = BE26410F2AB23F48005DEEA2 /* HWSChallenge22_Swift.swift */; };
		BE2641132AB24114005DEEA2 /* HWSChallenge23_ObjC.m in Sources */ = {isa = PBXBuildFile; fileRef = BE2641122AB24114005DEEA2 /* HWSChallenge23_ObjC.m */; };
		BE2641152AB243C3005DEEA2 /* HWSChallenge23_Swift.swift in Sources */ = {isa = PBXBuildFile; fileRef = BE2641142AB243C3005DEEA2 /* HWSChallenge23_Swift.swift */; };
		BE2641182AB24615005DEEA2 /* HWSChallenge24_ObjC.m in Sources */ = {isa = PBXBuildFile; fileRef = BE2641172AB24615005DEEA2 /* HWSChallenge24_ObjC.m */; };
		BE26411A2AB248F4005DEEA2 /* HWSChallenge24_Swift.swift in Sources */ = {isa = PBXBuildFile; fileRef = BE2641192AB248F4005DEEA2 /* HWSChallenge24_Swift.swift */; };
		BE26411D2AB39BFC005DEEA2 /* HWSChallenge25_ObjC.m in Sources */ = {isa = PBXBuildFile; fileRef = BE26411C2AB39BFC005DEEA2 /* HWSChallenge25_ObjC.m */; };
		BE3278E92AACC91900A3BA84 /* HWSChallenge20_ObjC.m in Sources */ = {isa = PBXBuildFile; fileRef = BE3278E82AACC91900A3BA84 /* HWSChallenge20_ObjC.m */; };
		BE3278EB2AACEBF200A3BA84 /* HWSChallenge20_Swift.swift in Sources */ = {isa = PBXBuildFile; fileRef = BE3278EA2AACEBF200A3BA84 /* HWSChallenge20_Swift.swift */; };
		BE3278EE2AAD044E00A3BA84 /* HWSChallenge21_ObjC.m in Sources */ = {isa = PBXBuildFile; fileRef = BE3278ED2AAD044E00A3BA84 /* HWSChallenge21_ObjC.m */; };
		BE42DD082AB9D26400DAB8CB /* HWSChallenge33_ObjC.m in Sources */ = {isa = PBXBuildFile; fileRef = BE42DD072AB9D26400DAB8CB /* HWSChallenge33_ObjC.m */; };
		BE42DD0C2AB9DBBE00DAB8CB /* HWSChallenge33_Swift.swift in Sources */ = {isa = PBXBuildFile; fileRef = BE42DD0B2AB9DBBE00DAB8CB /* HWSChallenge33_Swift.swift */; };
		BE473ACD2AA5CE4000F4FEFF /* HWSChallenge10_ObjC.m in Sources */ = {isa = PBXBuildFile; fileRef = BE473ACC2AA5CE4000F4FEFF /* HWSChallenge10_ObjC.m */; };
		BE473ACF2AA5D44500F4FEFF /* HWSChallenge10_Swift.swift in Sources */ = {isa = PBXBuildFile; fileRef = BE473ACE2AA5D44500F4FEFF /* HWSChallenge10_Swift.swift */; };
		BE473AD22AA5DB4700F4FEFF /* HWSChallenge11_ObjC.m in Sources */ = {isa = PBXBuildFile; fileRef = BE473AD12AA5DB4700F4FEFF /* HWSChallenge11_ObjC.m */; };
		BE473AD42AA5F7EB00F4FEFF /* HWSChallenge11_Swift.swift in Sources */ = {isa = PBXBuildFile; fileRef = BE473AD32AA5F7EB00F4FEFF /* HWSChallenge11_Swift.swift */; };
		BE473AD72AA789CA00F4FEFF /* HWSChallenge12_ObjC.m in Sources */ = {isa = PBXBuildFile; fileRef = BE473AD62AA789CA00F4FEFF /* HWSChallenge12_ObjC.m */; };
		BE5748B42AA277B5001E54C6 /* HWSChallenge03_ObjC.m in Sources */ = {isa = PBXBuildFile; fileRef = BE5748B32AA277B5001E54C6 /* HWSChallenge03_ObjC.m */; };
		BE5748B62AA32781001E54C6 /* HWSChallenge03_Swift.swift in Sources */ = {isa = PBXBuildFile; fileRef = BE5748B52AA32781001E54C6 /* HWSChallenge03_Swift.swift */; };
		BE5748BC2AA32B07001E54C6 /* HWSChallenge04_ObjC.m in Sources */ = {isa = PBXBuildFile; fileRef = BE5748BB2AA32B07001E54C6 /* HWSChallenge04_ObjC.m */; };
		BE5748C12AA32CD3001E54C6 /* NSString+FuzzyContains.m in Sources */ = {isa = PBXBuildFile; fileRef = BE5748C02AA32CD3001E54C6 /* NSString+FuzzyContains.m */; };
		BE5748C32AA334E8001E54C6 /* HWSChallenge04_Swift.swift in Sources */ = {isa = PBXBuildFile; fileRef = BE5748C22AA334E8001E54C6 /* HWSChallenge04_Swift.swift */; };
		BE5748C62AA33557001E54C6 /* String+FuzzyContains.swift in Sources */ = {isa = PBXBuildFile; fileRef = BE5748C52AA33557001E54C6 /* String+FuzzyContains.swift */; };
		BE5748C92AA3375F001E54C6 /* HWSChallenge05_ObjC.m in Sources */ = {isa = PBXBuildFile; fileRef = BE5748C82AA3375F001E54C6 /* HWSChallenge05_ObjC.m */; };
		BE5748CB2AA33CF2001E54C6 /* HWSChallenge05_Swift.swift in Sources */ = {isa = PBXBuildFile; fileRef = BE5748CA2AA33CF2001E54C6 /* HWSChallenge05_Swift.swift */; };
		BE5748CE2AA3511E001E54C6 /* HWSChallenge06_ObjC.m in Sources */ = {isa = PBXBuildFile; fileRef = BE5748CD2AA3511E001E54C6 /* HWSChallenge06_ObjC.m */; };
		BE5748D02AA35B2F001E54C6 /* HWSChallenge06_Swift.swift in Sources */ = {isa = PBXBuildFile; fileRef = BE5748CF2AA35B2F001E54C6 /* HWSChallenge06_Swift.swift */; };
		BE5748D32AA35E42001E54C6 /* HWSChallenge07_ObjC.m in Sources */ = {isa = PBXBuildFile; fileRef = BE5748D22AA35E42001E54C6 /* HWSChallenge07_ObjC.m */; };
		BE5748D52AA36E6E001E54C6 /* HWSChallenge07_Swift.swift in Sources */ = {isa = PBXBuildFile; fileRef = BE5748D42AA36E6E001E54C6 /* HWSChallenge07_Swift.swift */; };
		BE5997222ABAED74002A3D6F /* HWSChallenge34_ObjC.m in Sources */ = {isa = PBXBuildFile; fileRef = BE5997212ABAED74002A3D6F /* HWSChallenge34_ObjC.m */; };
		BE5997292ABAF1AD002A3D6F /* HWSChallenge34_Swift.swift in Sources */ = {isa = PBXBuildFile; fileRef = BE5997282ABAF1AD002A3D6F /* HWSChallenge34_Swift.swift */; };
		BE59972C2ABB1684002A3D6F /* HWSChallenge35_ObjC.m in Sources */ = {isa = PBXBuildFile; fileRef = BE59972B2ABB1684002A3D6F /* HWSChallenge35_ObjC.m */; };
		BE5997302ABB1ED9002A3D6F /* HWSChallenge35_Swift.swift in Sources */ = {isa = PBXBuildFile; fileRef = BE59972F2ABB1ED9002A3D6F /* HWSChallenge35_Swift.swift */; };
		BE5997332ABB26CF002A3D6F /* HWSChallenge36_ObjC.m in Sources */ = {isa = PBXBuildFile; fileRef = BE5997322ABB26CF002A3D6F /* HWSChallenge36_ObjC.m */; };
		BE5D4C9E2AC19B60009B090E /* HWSChallenge37_ObjC.m in Sources */ = {isa = PBXBuildFile; fileRef = BE5D4C9D2AC19B60009B090E /* HWSChallenge37_ObjC.m */; };
		BE7A72902AA87C3300FF1337 /* HWSChallenge12_Swift.swift in Sources */ = {isa = PBXBuildFile; fileRef = BE7A728F2AA87C3300FF1337 /* HWSChallenge12_Swift.swift */; };
		BE7A72932AA8853E00FF1337 /* HWSChallenge13_ObjC.m in Sources */ = {isa = PBXBuildFile; fileRef = BE7A72922AA8853E00FF1337 /* HWSChallenge13_ObjC.m */; };
		BE7A72952AA8907100FF1337 /* HWSChallenge13_Swift.swift in Sources */ = {isa = PBXBuildFile; fileRef = BE7A72942AA8907100FF1337 /* HWSChallenge13_Swift.swift */; };
		BE7A72982AA8942700FF1337 /* HWSChallenge14_ObjC.m in Sources */ = {isa = PBXBuildFile; fileRef = BE7A72972AA8942700FF1337 /* HWSChallenge14_ObjC.m */; };
		BE7A729A2AA8A11E00FF1337 /* HWSChallenge14_Swift.swift in Sources */ = {isa = PBXBuildFile; fileRef = BE7A72992AA8A11E00FF1337 /* HWSChallenge14_Swift.swift */; };
		BE7A729D2AA8A5EF00FF1337 /* HWSChallenge15_ObjC.m in Sources */ = {isa = PBXBuildFile; fileRef = BE7A729C2AA8A5EF00FF1337 /* HWSChallenge15_ObjC.m */; };
		BE7A729F2AA8AFAB00FF1337 /* HWSChallenge15_Swift.swift in Sources */ = {isa = PBXBuildFile; fileRef = BE7A729E2AA8AFAB00FF1337 /* HWSChallenge15_Swift.swift */; };
		BE7A72A22AA9B54100FF1337 /* HWSChallenge18_ObjC.m in Sources */ = {isa = PBXBuildFile; fileRef = BE7A72A12AA9B54100FF1337 /* HWSChallenge18_ObjC.m */; };
		BE7A72A42AA9B7D000FF1337 /* HWSChallenge18_Swift.swift in Sources */ = {isa = PBXBuildFile; fileRef = BE7A72A32AA9B7D000FF1337 /* HWSChallenge18_Swift.swift */; };
		BE7A72A72AA9BABF00FF1337 /* HWSChallenge16_ObjC.m in Sources */ = {isa = PBXBuildFile; fileRef = BE7A72A62AA9BABF00FF1337 /* HWSChallenge16_ObjC.m */; };
		BE7A72A92AA9BD7B00FF1337 /* HWSChallenge16_Swift.swift in Sources */ = {isa = PBXBuildFile; fileRef = BE7A72A82AA9BD7B00FF1337 /* HWSChallenge16_Swift.swift */; };
		BE7A72AC2AA9BF4500FF1337 /* HWSChallenge19_ObjC.m in Sources */ = {isa = PBXBuildFile; fileRef = BE7A72AB2AA9BF4500FF1337 /* HWSChallenge19_ObjC.m */; };
		BE7A72AE2AA9CC1D00FF1337 /* HWSChallenge19_Swift.swift in Sources */ = {isa = PBXBuildFile; fileRef = BE7A72AD2AA9CC1D00FF1337 /* HWSChallenge19_Swift.swift */; };
		BE8E06322AA4B9F200D03150 /* HWSChallenge08_ObjC.m in Sources */ = {isa = PBXBuildFile; fileRef = BE8E06312AA4B9F200D03150 /* HWSChallenge08_ObjC.m */; };
		BE8E06342AA4BDA500D03150 /* HWSChallenge08_Swift.swift in Sources */ = {isa = PBXBuildFile; fileRef = BE8E06332AA4BDA500D03150 /* HWSChallenge08_Swift.swift */; };
		BE8E06372AA4BECA00D03150 /* HWSChallenge09_ObjC.m in Sources */ = {isa = PBXBuildFile; fileRef = BE8E06362AA4BECA00D03150 /* HWSChallenge09_ObjC.m */; };
		BE8E06392AA4C26400D03150 /* HWSChallenge09_Swift.swift in Sources */ = {isa = PBXBuildFile; fileRef = BE8E06382AA4C26400D03150 /* HWSChallenge09_Swift.swift */; };
		BEA2DD592ABB3D53003A5F63 /* HWSChallenge36_Swift.swift in Sources */ = {isa = PBXBuildFile; fileRef = BEA2DD582ABB3D53003A5F63 /* HWSChallenge36_Swift.swift */; };
		BEAFE58A2AC3F47500E6B098 /* NSArray+CountDigits.m in Sources */ = {isa = PBXBuildFile; fileRef = BEAFE5892AC3F47500E6B098 /* NSArray+CountDigits.m */; };
		BEAFE58C2AC3FC6400E6B098 /* HWSChallenge37_Swift.swift in Sources */ = {isa = PBXBuildFile; fileRef = BEAFE58B2AC3FC6400E6B098 /* HWSChallenge37_Swift.swift */; };
		BEAFE58F2AC3FD6600E6B098 /* Collection+CountDigits.swift in Sources */ = {isa = PBXBuildFile; fileRef = BEAFE58E2AC3FD6600E6B098 /* Collection+CountDigits.swift */; };
		BEBA1E722A9DF99400F8815F /* main.m in Sources */ = {isa = PBXBuildFile; fileRef = BEBA1E712A9DF99400F8815F /* main.m */; };
		BEBA1E822A9E007200F8815F /* NPChallengeSolver.m in Sources */ = {isa = PBXBuildFile; fileRef = BEBA1E812A9E007200F8815F /* NPChallengeSolver.m */; };
		BEBA1E862A9E04E200F8815F /* HWSChallenge01a_Swift.swift in Sources */ = {isa = PBXBuildFile; fileRef = BEBA1E852A9E04E200F8815F /* HWSChallenge01a_Swift.swift */; };
		BEBA1E8C2A9F1ECA00F8815F /* HWSChallenge01b_Swift.swift in Sources */ = {isa = PBXBuildFile; fileRef = BEBA1E8B2A9F1ECA00F8815F /* HWSChallenge01b_Swift.swift */; };
		BEBA1E8F2A9F2EC700F8815F /* HWSChallenge01_ObjC.m in Sources */ = {isa = PBXBuildFile; fileRef = BEBA1E8E2A9F2EC700F8815F /* HWSChallenge01_ObjC.m */; };
		BEBA1E922A9F485600F8815F /* HWSChallenge02_ObjC.m in Sources */ = {isa = PBXBuildFile; fileRef = BEBA1E912A9F485600F8815F /* HWSChallenge02_ObjC.m */; };
		BEBA1E942A9F4B1200F8815F /* HWSChallenge02_Swift.swift in Sources */ = {isa = PBXBuildFile; fileRef = BEBA1E932A9F4B1200F8815F /* HWSChallenge02_Swift.swift */; };
		BECA1DF52A9FCD380066F994 /* HWSChallenge17_ObjC.m in Sources */ = {isa = PBXBuildFile; fileRef = BECA1DF42A9FCD380066F994 /* HWSChallenge17_ObjC.m */; };
		BECA1DF72A9FD71A0066F994 /* HWSChallenge17_Swift.swift in Sources */ = {isa = PBXBuildFile; fileRef = BECA1DF62A9FD71A0066F994 /* HWSChallenge17_Swift.swift */; };
		BEEDCA2C2AB45784003B1CD3 /* HWSChallenge25_Swift.swift in Sources */ = {isa = PBXBuildFile; fileRef = BEEDCA2B2AB45784003B1CD3 /* HWSChallenge25_Swift.swift */; };
		BEEDCA2F2AB459F4003B1CD3 /* HWSChallenges.m in Sources */ = {isa = PBXBuildFile; fileRef = BEEDCA2E2AB459F4003B1CD3 /* HWSChallenges.m */; };
		BEEDCA322AB48983003B1CD3 /* HWSChallenge26_ObjC.m in Sources */ = {isa = PBXBuildFile; fileRef = BEEDCA312AB48983003B1CD3 /* HWSChallenge26_ObjC.m */; };
		BEEDCA362AB48BA8003B1CD3 /* HWSChallenge26_Swift.swift in Sources */ = {isa = PBXBuildFile; fileRef = BEEDCA352AB48BA8003B1CD3 /* HWSChallenge26_Swift.swift */; };
		BEEDCA442AB4DAEC003B1CD3 /* HWSChallenge27_ObjC.m in Sources */ = {isa = PBXBuildFile; fileRef = BEEDCA432AB4DAEC003B1CD3 /* HWSChallenge27_ObjC.m */; };
		BEEDCA4A2AB4E5D7003B1CD3 /* HWSFiles.m in Sources */ = {isa = PBXBuildFile; fileRef = BEEDCA492AB4E5D7003B1CD3 /* HWSFiles.m */; };
		BEEDCA4C2AB4FE82003B1CD3 /* HWSChallenge27_Swift.swift in Sources */ = {isa = PBXBuildFile; fileRef = BEEDCA4B2AB4FE82003B1CD3 /* HWSChallenge27_Swift.swift */; };
		BEEDCA622AB73CCF003B1CD3 /* HWSChallenge28_ObjC.m in Sources */ = {isa = PBXBuildFile; fileRef = BEEDCA612AB73CCF003B1CD3 /* HWSChallenge28_ObjC.m */; };
		BEEDCA652AB740F5003B1CD3 /* HWSChallenge28_Swift.swift in Sources */ = {isa = PBXBuildFile; fileRef = BEEDCA642AB740F5003B1CD3 /* HWSChallenge28_Swift.swift */; };
		BEEDCA682AB745D9003B1CD3 /* HWSChallenge29_ObjC.m in Sources */ = {isa = PBXBuildFile; fileRef = BEEDCA672AB745D9003B1CD3 /* HWSChallenge29_ObjC.m */; };
		BEEDCA6A2AB74778003B1CD3 /* HWSChallenge29_Swift.swift in Sources */ = {isa = PBXBuildFile; fileRef = BEEDCA692AB74778003B1CD3 /* HWSChallenge29_Swift.swift */; };
		BEEDCA6D2AB822BE003B1CD3 /* HWSChallenge30_ObjC.m in Sources */ = {isa = PBXBuildFile; fileRef = BEEDCA6C2AB822BE003B1CD3 /* HWSChallenge30_ObjC.m */; };
		BEEDCA702AB82F76003B1CD3 /* HWSChallenge30_Swift.swift in Sources */ = {isa = PBXBuildFile; fileRef = BEEDCA6F2AB82F76003B1CD3 /* HWSChallenge30_Swift.swift */; };
		BEEDCA7B2AB834C8003B1CD3 /* HWSChallenge31_ObjC.m in Sources */ = {isa = PBXBuildFile; fileRef = BEEDCA7A2AB834C8003B1CD3 /* HWSChallenge31_ObjC.m */; };
		BEEDCA7F2AB83DC2003B1CD3 /* HWSChallenge31_Swift.swift in Sources */ = {isa = PBXBuildFile; fileRef = BEEDCA7E2AB83DC2003B1CD3 /* HWSChallenge31_Swift.swift */; };
		BEEDCA822AB87A8F003B1CD3 /* HWSChallenge32_ObjC.m in Sources */ = {isa = PBXBuildFile; fileRef = BEEDCA812AB87A8F003B1CD3 /* HWSChallenge32_ObjC.m */; };
		BEEDCA872AB88BB8003B1CD3 /* HWSChallenge32_Swift.swift in Sources */ = {isa = PBXBuildFile; fileRef = BEEDCA862AB88BB8003B1CD3 /* HWSChallenge32_Swift.swift */; };
/* End PBXBuildFile section */

/* Begin PBXCopyFilesBuildPhase section */
		BEBA1E6C2A9DF99400F8815F /* CopyFiles */ = {
			isa = PBXCopyFilesBuildPhase;
			buildActionMask = 2147483647;
			dstPath = /usr/share/man/man1/;
			dstSubfolderSpec = 0;
			files = (
			);
			runOnlyForDeploymentPostprocessing = 1;
		};
/* End PBXCopyFilesBuildPhase section */

/* Begin PBXFileReference section */
		BE0B0EEE2AAE42DD00ABB961 /* HWSChallenge21_Swift.swift */ = {isa = PBXFileReference; lastKnownFileType = sourcecode.swift; path = HWSChallenge21_Swift.swift; sourceTree = "<group>"; };
		BE26410C2AB22DA2005DEEA2 /* HWSChallenge22_ObjC.h */ = {isa = PBXFileReference; lastKnownFileType = sourcecode.c.h; path = HWSChallenge22_ObjC.h; sourceTree = "<group>"; };
		BE26410D2AB22DA2005DEEA2 /* HWSChallenge22_ObjC.m */ = {isa = PBXFileReference; lastKnownFileType = sourcecode.c.objc; path = HWSChallenge22_ObjC.m; sourceTree = "<group>"; };
		BE26410F2AB23F48005DEEA2 /* HWSChallenge22_Swift.swift */ = {isa = PBXFileReference; lastKnownFileType = sourcecode.swift; path = HWSChallenge22_Swift.swift; sourceTree = "<group>"; };
		BE2641112AB24114005DEEA2 /* HWSChallenge23_ObjC.h */ = {isa = PBXFileReference; lastKnownFileType = sourcecode.c.h; path = HWSChallenge23_ObjC.h; sourceTree = "<group>"; };
		BE2641122AB24114005DEEA2 /* HWSChallenge23_ObjC.m */ = {isa = PBXFileReference; lastKnownFileType = sourcecode.c.objc; path = HWSChallenge23_ObjC.m; sourceTree = "<group>"; };
		BE2641142AB243C3005DEEA2 /* HWSChallenge23_Swift.swift */ = {isa = PBXFileReference; lastKnownFileType = sourcecode.swift; path = HWSChallenge23_Swift.swift; sourceTree = "<group>"; };
		BE2641162AB24615005DEEA2 /* HWSChallenge24_ObjC.h */ = {isa = PBXFileReference; lastKnownFileType = sourcecode.c.h; path = HWSChallenge24_ObjC.h; sourceTree = "<group>"; };
		BE2641172AB24615005DEEA2 /* HWSChallenge24_ObjC.m */ = {isa = PBXFileReference; lastKnownFileType = sourcecode.c.objc; path = HWSChallenge24_ObjC.m; sourceTree = "<group>"; };
		BE2641192AB248F4005DEEA2 /* HWSChallenge24_Swift.swift */ = {isa = PBXFileReference; lastKnownFileType = sourcecode.swift; path = HWSChallenge24_Swift.swift; sourceTree = "<group>"; };
		BE26411B2AB39BFC005DEEA2 /* HWSChallenge25_ObjC.h */ = {isa = PBXFileReference; lastKnownFileType = sourcecode.c.h; path = HWSChallenge25_ObjC.h; sourceTree = "<group>"; };
		BE26411C2AB39BFC005DEEA2 /* HWSChallenge25_ObjC.m */ = {isa = PBXFileReference; lastKnownFileType = sourcecode.c.objc; path = HWSChallenge25_ObjC.m; sourceTree = "<group>"; };
		BE3278E72AACC91900A3BA84 /* HWSChallenge20_ObjC.h */ = {isa = PBXFileReference; lastKnownFileType = sourcecode.c.h; path = HWSChallenge20_ObjC.h; sourceTree = "<group>"; };
		BE3278E82AACC91900A3BA84 /* HWSChallenge20_ObjC.m */ = {isa = PBXFileReference; lastKnownFileType = sourcecode.c.objc; path = HWSChallenge20_ObjC.m; sourceTree = "<group>"; };
		BE3278EA2AACEBF200A3BA84 /* HWSChallenge20_Swift.swift */ = {isa = PBXFileReference; lastKnownFileType = sourcecode.swift; path = HWSChallenge20_Swift.swift; sourceTree = "<group>"; };
		BE3278EC2AAD044E00A3BA84 /* HWSChallenge21_ObjC.h */ = {isa = PBXFileReference; lastKnownFileType = sourcecode.c.h; path = HWSChallenge21_ObjC.h; sourceTree = "<group>"; };
		BE3278ED2AAD044E00A3BA84 /* HWSChallenge21_ObjC.m */ = {isa = PBXFileReference; lastKnownFileType = sourcecode.c.objc; path = HWSChallenge21_ObjC.m; sourceTree = "<group>"; };
		BE42DD062AB9D26400DAB8CB /* HWSChallenge33_ObjC.h */ = {isa = PBXFileReference; lastKnownFileType = sourcecode.c.h; path = HWSChallenge33_ObjC.h; sourceTree = "<group>"; };
		BE42DD072AB9D26400DAB8CB /* HWSChallenge33_ObjC.m */ = {isa = PBXFileReference; lastKnownFileType = sourcecode.c.objc; path = HWSChallenge33_ObjC.m; sourceTree = "<group>"; };
		BE42DD092AB9D65600DAB8CB /* sub */ = {isa = PBXFileReference; lastKnownFileType = folder; path = sub; sourceTree = "<group>"; };
		BE42DD0A2AB9D65600DAB8CB /* subdir */ = {isa = PBXFileReference; lastKnownFileType = folder; path = subdir; sourceTree = "<group>"; };
		BE42DD0B2AB9DBBE00DAB8CB /* HWSChallenge33_Swift.swift */ = {isa = PBXFileReference; lastKnownFileType = sourcecode.swift; path = HWSChallenge33_Swift.swift; sourceTree = "<group>"; };
		BE473ACB2AA5CE4000F4FEFF /* HWSChallenge10_ObjC.h */ = {isa = PBXFileReference; lastKnownFileType = sourcecode.c.h; path = HWSChallenge10_ObjC.h; sourceTree = "<group>"; };
		BE473ACC2AA5CE4000F4FEFF /* HWSChallenge10_ObjC.m */ = {isa = PBXFileReference; lastKnownFileType = sourcecode.c.objc; path = HWSChallenge10_ObjC.m; sourceTree = "<group>"; };
		BE473ACE2AA5D44500F4FEFF /* HWSChallenge10_Swift.swift */ = {isa = PBXFileReference; lastKnownFileType = sourcecode.swift; path = HWSChallenge10_Swift.swift; sourceTree = "<group>"; };
		BE473AD02AA5DB4700F4FEFF /* HWSChallenge11_ObjC.h */ = {isa = PBXFileReference; lastKnownFileType = sourcecode.c.h; path = HWSChallenge11_ObjC.h; sourceTree = "<group>"; };
		BE473AD12AA5DB4700F4FEFF /* HWSChallenge11_ObjC.m */ = {isa = PBXFileReference; lastKnownFileType = sourcecode.c.objc; path = HWSChallenge11_ObjC.m; sourceTree = "<group>"; };
		BE473AD32AA5F7EB00F4FEFF /* HWSChallenge11_Swift.swift */ = {isa = PBXFileReference; lastKnownFileType = sourcecode.swift; path = HWSChallenge11_Swift.swift; sourceTree = "<group>"; };
		BE473AD52AA789CA00F4FEFF /* HWSChallenge12_ObjC.h */ = {isa = PBXFileReference; lastKnownFileType = sourcecode.c.h; path = HWSChallenge12_ObjC.h; sourceTree = "<group>"; };
		BE473AD62AA789CA00F4FEFF /* HWSChallenge12_ObjC.m */ = {isa = PBXFileReference; lastKnownFileType = sourcecode.c.objc; path = HWSChallenge12_ObjC.m; sourceTree = "<group>"; };
		BE5748B22AA277B5001E54C6 /* HWSChallenge03_ObjC.h */ = {isa = PBXFileReference; lastKnownFileType = sourcecode.c.h; path = HWSChallenge03_ObjC.h; sourceTree = "<group>"; };
		BE5748B32AA277B5001E54C6 /* HWSChallenge03_ObjC.m */ = {isa = PBXFileReference; lastKnownFileType = sourcecode.c.objc; path = HWSChallenge03_ObjC.m; sourceTree = "<group>"; };
		BE5748B52AA32781001E54C6 /* HWSChallenge03_Swift.swift */ = {isa = PBXFileReference; lastKnownFileType = sourcecode.swift; path = HWSChallenge03_Swift.swift; sourceTree = "<group>"; };
		BE5748BA2AA32B07001E54C6 /* HWSChallenge04_ObjC.h */ = {isa = PBXFileReference; lastKnownFileType = sourcecode.c.h; path = HWSChallenge04_ObjC.h; sourceTree = "<group>"; };
		BE5748BB2AA32B07001E54C6 /* HWSChallenge04_ObjC.m */ = {isa = PBXFileReference; lastKnownFileType = sourcecode.c.objc; path = HWSChallenge04_ObjC.m; sourceTree = "<group>"; };
		BE5748BF2AA32CD3001E54C6 /* NSString+FuzzyContains.h */ = {isa = PBXFileReference; lastKnownFileType = sourcecode.c.h; path = "NSString+FuzzyContains.h"; sourceTree = "<group>"; };
		BE5748C02AA32CD3001E54C6 /* NSString+FuzzyContains.m */ = {isa = PBXFileReference; lastKnownFileType = sourcecode.c.objc; path = "NSString+FuzzyContains.m"; sourceTree = "<group>"; };
		BE5748C22AA334E8001E54C6 /* HWSChallenge04_Swift.swift */ = {isa = PBXFileReference; lastKnownFileType = sourcecode.swift; path = HWSChallenge04_Swift.swift; sourceTree = "<group>"; };
		BE5748C52AA33557001E54C6 /* String+FuzzyContains.swift */ = {isa = PBXFileReference; lastKnownFileType = sourcecode.swift; path = "String+FuzzyContains.swift"; sourceTree = "<group>"; };
		BE5748C72AA3375F001E54C6 /* HWSChallenge05_ObjC.h */ = {isa = PBXFileReference; lastKnownFileType = sourcecode.c.h; path = HWSChallenge05_ObjC.h; sourceTree = "<group>"; };
		BE5748C82AA3375F001E54C6 /* HWSChallenge05_ObjC.m */ = {isa = PBXFileReference; lastKnownFileType = sourcecode.c.objc; path = HWSChallenge05_ObjC.m; sourceTree = "<group>"; };
		BE5748CA2AA33CF2001E54C6 /* HWSChallenge05_Swift.swift */ = {isa = PBXFileReference; lastKnownFileType = sourcecode.swift; path = HWSChallenge05_Swift.swift; sourceTree = "<group>"; };
		BE5748CC2AA3511E001E54C6 /* HWSChallenge06_ObjC.h */ = {isa = PBXFileReference; lastKnownFileType = sourcecode.c.h; path = HWSChallenge06_ObjC.h; sourceTree = "<group>"; };
		BE5748CD2AA3511E001E54C6 /* HWSChallenge06_ObjC.m */ = {isa = PBXFileReference; lastKnownFileType = sourcecode.c.objc; path = HWSChallenge06_ObjC.m; sourceTree = "<group>"; };
		BE5748CF2AA35B2F001E54C6 /* HWSChallenge06_Swift.swift */ = {isa = PBXFileReference; lastKnownFileType = sourcecode.swift; path = HWSChallenge06_Swift.swift; sourceTree = "<group>"; };
		BE5748D12AA35E42001E54C6 /* HWSChallenge07_ObjC.h */ = {isa = PBXFileReference; lastKnownFileType = sourcecode.c.h; path = HWSChallenge07_ObjC.h; sourceTree = "<group>"; };
		BE5748D22AA35E42001E54C6 /* HWSChallenge07_ObjC.m */ = {isa = PBXFileReference; lastKnownFileType = sourcecode.c.objc; path = HWSChallenge07_ObjC.m; sourceTree = "<group>"; };
		BE5748D42AA36E6E001E54C6 /* HWSChallenge07_Swift.swift */ = {isa = PBXFileReference; lastKnownFileType = sourcecode.swift; path = HWSChallenge07_Swift.swift; sourceTree = "<group>"; };
		BE5997202ABAED74002A3D6F /* HWSChallenge34_ObjC.h */ = {isa = PBXFileReference; lastKnownFileType = sourcecode.c.h; path = HWSChallenge34_ObjC.h; sourceTree = "<group>"; };
		BE5997212ABAED74002A3D6F /* HWSChallenge34_ObjC.m */ = {isa = PBXFileReference; lastKnownFileType = sourcecode.c.objc; path = HWSChallenge34_ObjC.m; sourceTree = "<group>"; };
		BE5997262ABAF0E4002A3D6F /* a */ = {isa = PBXFileReference; fileEncoding = 4; lastKnownFileType = text; path = a; sourceTree = "<group>"; };
		BE5997272ABAF0E4002A3D6F /* a */ = {isa = PBXFileReference; fileEncoding = 4; lastKnownFileType = text; path = a; sourceTree = "<group>"; };
		BE5997282ABAF1AD002A3D6F /* HWSChallenge34_Swift.swift */ = {isa = PBXFileReference; lastKnownFileType = sourcecode.swift; path = HWSChallenge34_Swift.swift; sourceTree = "<group>"; };
		BE59972A2ABB1684002A3D6F /* HWSChallenge35_ObjC.h */ = {isa = PBXFileReference; lastKnownFileType = sourcecode.c.h; path = HWSChallenge35_ObjC.h; sourceTree = "<group>"; };
		BE59972B2ABB1684002A3D6F /* HWSChallenge35_ObjC.m */ = {isa = PBXFileReference; lastKnownFileType = sourcecode.c.objc; path = HWSChallenge35_ObjC.m; sourceTree = "<group>"; };
		BE59972E2ABB1DDB002A3D6F /* cat.jpeg */ = {isa = PBXFileReference; lastKnownFileType = image.jpeg; path = cat.jpeg; sourceTree = "<group>"; };
		BE59972F2ABB1ED9002A3D6F /* HWSChallenge35_Swift.swift */ = {isa = PBXFileReference; lastKnownFileType = sourcecode.swift; path = HWSChallenge35_Swift.swift; sourceTree = "<group>"; };
		BE5997312ABB26CF002A3D6F /* HWSChallenge36_ObjC.h */ = {isa = PBXFileReference; lastKnownFileType = sourcecode.c.h; path = HWSChallenge36_ObjC.h; sourceTree = "<group>"; };
		BE5997322ABB26CF002A3D6F /* HWSChallenge36_ObjC.m */ = {isa = PBXFileReference; lastKnownFileType = sourcecode.c.objc; path = HWSChallenge36_ObjC.m; sourceTree = "<group>"; };
		BE5997352ABB2F6C002A3D6F /* hugefile.txt */ = {isa = PBXFileReference; fileEncoding = 4; lastKnownFileType = text; path = hugefile.txt; sourceTree = "<group>"; };
		BE5D4C9C2AC19B60009B090E /* HWSChallenge37_ObjC.h */ = {isa = PBXFileReference; lastKnownFileType = sourcecode.c.h; path = HWSChallenge37_ObjC.h; sourceTree = "<group>"; };
		BE5D4C9D2AC19B60009B090E /* HWSChallenge37_ObjC.m */ = {isa = PBXFileReference; lastKnownFileType = sourcecode.c.objc; path = HWSChallenge37_ObjC.m; sourceTree = "<group>"; };
		BE7A728F2AA87C3300FF1337 /* HWSChallenge12_Swift.swift */ = {isa = PBXFileReference; lastKnownFileType = sourcecode.swift; path = HWSChallenge12_Swift.swift; sourceTree = "<group>"; };
		BE7A72912AA8853E00FF1337 /* HWSChallenge13_ObjC.h */ = {isa = PBXFileReference; lastKnownFileType = sourcecode.c.h; path = HWSChallenge13_ObjC.h; sourceTree = "<group>"; };
		BE7A72922AA8853E00FF1337 /* HWSChallenge13_ObjC.m */ = {isa = PBXFileReference; lastKnownFileType = sourcecode.c.objc; path = HWSChallenge13_ObjC.m; sourceTree = "<group>"; };
		BE7A72942AA8907100FF1337 /* HWSChallenge13_Swift.swift */ = {isa = PBXFileReference; lastKnownFileType = sourcecode.swift; path = HWSChallenge13_Swift.swift; sourceTree = "<group>"; };
		BE7A72962AA8942700FF1337 /* HWSChallenge14_ObjC.h */ = {isa = PBXFileReference; lastKnownFileType = sourcecode.c.h; path = HWSChallenge14_ObjC.h; sourceTree = "<group>"; };
		BE7A72972AA8942700FF1337 /* HWSChallenge14_ObjC.m */ = {isa = PBXFileReference; lastKnownFileType = sourcecode.c.objc; path = HWSChallenge14_ObjC.m; sourceTree = "<group>"; };
		BE7A72992AA8A11E00FF1337 /* HWSChallenge14_Swift.swift */ = {isa = PBXFileReference; lastKnownFileType = sourcecode.swift; path = HWSChallenge14_Swift.swift; sourceTree = "<group>"; };
		BE7A729B2AA8A5EF00FF1337 /* HWSChallenge15_ObjC.h */ = {isa = PBXFileReference; lastKnownFileType = sourcecode.c.h; path = HWSChallenge15_ObjC.h; sourceTree = "<group>"; };
		BE7A729C2AA8A5EF00FF1337 /* HWSChallenge15_ObjC.m */ = {isa = PBXFileReference; lastKnownFileType = sourcecode.c.objc; path = HWSChallenge15_ObjC.m; sourceTree = "<group>"; };
		BE7A729E2AA8AFAB00FF1337 /* HWSChallenge15_Swift.swift */ = {isa = PBXFileReference; lastKnownFileType = sourcecode.swift; path = HWSChallenge15_Swift.swift; sourceTree = "<group>"; };
		BE7A72A02AA9B54100FF1337 /* HWSChallenge18_ObjC.h */ = {isa = PBXFileReference; lastKnownFileType = sourcecode.c.h; path = HWSChallenge18_ObjC.h; sourceTree = "<group>"; };
		BE7A72A12AA9B54100FF1337 /* HWSChallenge18_ObjC.m */ = {isa = PBXFileReference; lastKnownFileType = sourcecode.c.objc; path = HWSChallenge18_ObjC.m; sourceTree = "<group>"; };
		BE7A72A32AA9B7D000FF1337 /* HWSChallenge18_Swift.swift */ = {isa = PBXFileReference; lastKnownFileType = sourcecode.swift; path = HWSChallenge18_Swift.swift; sourceTree = "<group>"; };
		BE7A72A52AA9BABF00FF1337 /* HWSChallenge16_ObjC.h */ = {isa = PBXFileReference; lastKnownFileType = sourcecode.c.h; path = HWSChallenge16_ObjC.h; sourceTree = "<group>"; };
		BE7A72A62AA9BABF00FF1337 /* HWSChallenge16_ObjC.m */ = {isa = PBXFileReference; lastKnownFileType = sourcecode.c.objc; path = HWSChallenge16_ObjC.m; sourceTree = "<group>"; };
		BE7A72A82AA9BD7B00FF1337 /* HWSChallenge16_Swift.swift */ = {isa = PBXFileReference; lastKnownFileType = sourcecode.swift; path = HWSChallenge16_Swift.swift; sourceTree = "<group>"; };
		BE7A72AA2AA9BF4500FF1337 /* HWSChallenge19_ObjC.h */ = {isa = PBXFileReference; lastKnownFileType = sourcecode.c.h; path = HWSChallenge19_ObjC.h; sourceTree = "<group>"; };
		BE7A72AB2AA9BF4500FF1337 /* HWSChallenge19_ObjC.m */ = {isa = PBXFileReference; lastKnownFileType = sourcecode.c.objc; path = HWSChallenge19_ObjC.m; sourceTree = "<group>"; };
		BE7A72AD2AA9CC1D00FF1337 /* HWSChallenge19_Swift.swift */ = {isa = PBXFileReference; lastKnownFileType = sourcecode.swift; path = HWSChallenge19_Swift.swift; sourceTree = "<group>"; };
		BE8E06302AA4B9F200D03150 /* HWSChallenge08_ObjC.h */ = {isa = PBXFileReference; lastKnownFileType = sourcecode.c.h; path = HWSChallenge08_ObjC.h; sourceTree = "<group>"; };
		BE8E06312AA4B9F200D03150 /* HWSChallenge08_ObjC.m */ = {isa = PBXFileReference; lastKnownFileType = sourcecode.c.objc; path = HWSChallenge08_ObjC.m; sourceTree = "<group>"; };
		BE8E06332AA4BDA500D03150 /* HWSChallenge08_Swift.swift */ = {isa = PBXFileReference; lastKnownFileType = sourcecode.swift; path = HWSChallenge08_Swift.swift; sourceTree = "<group>"; };
		BE8E06352AA4BECA00D03150 /* HWSChallenge09_ObjC.h */ = {isa = PBXFileReference; lastKnownFileType = sourcecode.c.h; path = HWSChallenge09_ObjC.h; sourceTree = "<group>"; };
		BE8E06362AA4BECA00D03150 /* HWSChallenge09_ObjC.m */ = {isa = PBXFileReference; lastKnownFileType = sourcecode.c.objc; path = HWSChallenge09_ObjC.m; sourceTree = "<group>"; };
		BE8E06382AA4C26400D03150 /* HWSChallenge09_Swift.swift */ = {isa = PBXFileReference; lastKnownFileType = sourcecode.swift; path = HWSChallenge09_Swift.swift; sourceTree = "<group>"; };
		BEA2DD582ABB3D53003A5F63 /* HWSChallenge36_Swift.swift */ = {isa = PBXFileReference; lastKnownFileType = sourcecode.swift; path = HWSChallenge36_Swift.swift; sourceTree = "<group>"; };
		BEAFE5882AC3F47500E6B098 /* NSArray+CountDigits.h */ = {isa = PBXFileReference; lastKnownFileType = sourcecode.c.h; path = "NSArray+CountDigits.h"; sourceTree = "<group>"; };
		BEAFE5892AC3F47500E6B098 /* NSArray+CountDigits.m */ = {isa = PBXFileReference; lastKnownFileType = sourcecode.c.objc; path = "NSArray+CountDigits.m"; sourceTree = "<group>"; };
		BEAFE58B2AC3FC6400E6B098 /* HWSChallenge37_Swift.swift */ = {isa = PBXFileReference; lastKnownFileType = sourcecode.swift; path = HWSChallenge37_Swift.swift; sourceTree = "<group>"; };
		BEAFE58E2AC3FD6600E6B098 /* Collection+CountDigits.swift */ = {isa = PBXFileReference; lastKnownFileType = sourcecode.swift; path = "Collection+CountDigits.swift"; sourceTree = "<group>"; };
		BEBA1E6E2A9DF99400F8815F /* Challenges */ = {isa = PBXFileReference; explicitFileType = "compiled.mach-o.executable"; includeInIndex = 0; path = Challenges; sourceTree = BUILT_PRODUCTS_DIR; };
		BEBA1E712A9DF99400F8815F /* main.m */ = {isa = PBXFileReference; lastKnownFileType = sourcecode.c.objc; path = main.m; sourceTree = "<group>"; };
		BEBA1E802A9E007200F8815F /* NPChallengeSolver.h */ = {isa = PBXFileReference; lastKnownFileType = sourcecode.c.h; path = NPChallengeSolver.h; sourceTree = "<group>"; };
		BEBA1E812A9E007200F8815F /* NPChallengeSolver.m */ = {isa = PBXFileReference; lastKnownFileType = sourcecode.c.objc; path = NPChallengeSolver.m; sourceTree = "<group>"; };
		BEBA1E832A9E009F00F8815F /* NPChallenge.h */ = {isa = PBXFileReference; lastKnownFileType = sourcecode.c.h; path = NPChallenge.h; sourceTree = "<group>"; };
		BEBA1E842A9E04E100F8815F /* Challenges-Bridging-Header.h */ = {isa = PBXFileReference; lastKnownFileType = sourcecode.c.h; path = "Challenges-Bridging-Header.h"; sourceTree = "<group>"; };
		BEBA1E852A9E04E200F8815F /* HWSChallenge01a_Swift.swift */ = {isa = PBXFileReference; lastKnownFileType = sourcecode.swift; path = HWSChallenge01a_Swift.swift; sourceTree = "<group>"; };
		BEBA1E8B2A9F1ECA00F8815F /* HWSChallenge01b_Swift.swift */ = {isa = PBXFileReference; lastKnownFileType = sourcecode.swift; path = HWSChallenge01b_Swift.swift; sourceTree = "<group>"; };
		BEBA1E8D2A9F2EC700F8815F /* HWSChallenge01_ObjC.h */ = {isa = PBXFileReference; lastKnownFileType = sourcecode.c.h; path = HWSChallenge01_ObjC.h; sourceTree = "<group>"; };
		BEBA1E8E2A9F2EC700F8815F /* HWSChallenge01_ObjC.m */ = {isa = PBXFileReference; lastKnownFileType = sourcecode.c.objc; path = HWSChallenge01_ObjC.m; sourceTree = "<group>"; };
		BEBA1E902A9F485600F8815F /* HWSChallenge02_ObjC.h */ = {isa = PBXFileReference; lastKnownFileType = sourcecode.c.h; path = HWSChallenge02_ObjC.h; sourceTree = "<group>"; };
		BEBA1E912A9F485600F8815F /* HWSChallenge02_ObjC.m */ = {isa = PBXFileReference; lastKnownFileType = sourcecode.c.objc; path = HWSChallenge02_ObjC.m; sourceTree = "<group>"; };
		BEBA1E932A9F4B1200F8815F /* HWSChallenge02_Swift.swift */ = {isa = PBXFileReference; lastKnownFileType = sourcecode.swift; path = HWSChallenge02_Swift.swift; sourceTree = "<group>"; };
		BECA1DF32A9FCD380066F994 /* HWSChallenge17_ObjC.h */ = {isa = PBXFileReference; lastKnownFileType = sourcecode.c.h; path = HWSChallenge17_ObjC.h; sourceTree = "<group>"; };
		BECA1DF42A9FCD380066F994 /* HWSChallenge17_ObjC.m */ = {isa = PBXFileReference; lastKnownFileType = sourcecode.c.objc; path = HWSChallenge17_ObjC.m; sourceTree = "<group>"; };
		BECA1DF62A9FD71A0066F994 /* HWSChallenge17_Swift.swift */ = {isa = PBXFileReference; lastKnownFileType = sourcecode.swift; path = HWSChallenge17_Swift.swift; sourceTree = "<group>"; };
		BEEDCA2B2AB45784003B1CD3 /* HWSChallenge25_Swift.swift */ = {isa = PBXFileReference; lastKnownFileType = sourcecode.swift; path = HWSChallenge25_Swift.swift; sourceTree = "<group>"; };
		BEEDCA2D2AB459F4003B1CD3 /* HWSChallenges.h */ = {isa = PBXFileReference; lastKnownFileType = sourcecode.c.h; path = HWSChallenges.h; sourceTree = "<group>"; };
		BEEDCA2E2AB459F4003B1CD3 /* HWSChallenges.m */ = {isa = PBXFileReference; lastKnownFileType = sourcecode.c.objc; path = HWSChallenges.m; sourceTree = "<group>"; };
		BEEDCA302AB48983003B1CD3 /* HWSChallenge26_ObjC.h */ = {isa = PBXFileReference; lastKnownFileType = sourcecode.c.h; path = HWSChallenge26_ObjC.h; sourceTree = "<group>"; };
		BEEDCA312AB48983003B1CD3 /* HWSChallenge26_ObjC.m */ = {isa = PBXFileReference; lastKnownFileType = sourcecode.c.objc; path = HWSChallenge26_ObjC.m; sourceTree = "<group>"; };
		BEEDCA352AB48BA8003B1CD3 /* HWSChallenge26_Swift.swift */ = {isa = PBXFileReference; lastKnownFileType = sourcecode.swift; path = HWSChallenge26_Swift.swift; sourceTree = "<group>"; };
		BEEDCA422AB4DAEC003B1CD3 /* HWSChallenge27_ObjC.h */ = {isa = PBXFileReference; lastKnownFileType = sourcecode.c.h; path = HWSChallenge27_ObjC.h; sourceTree = "<group>"; };
		BEEDCA432AB4DAEC003B1CD3 /* HWSChallenge27_ObjC.m */ = {isa = PBXFileReference; lastKnownFileType = sourcecode.c.objc; path = HWSChallenge27_ObjC.m; sourceTree = "<group>"; };
		BEEDCA462AB4E2C9003B1CD3 /* HWSChallenge27.txt */ = {isa = PBXFileReference; lastKnownFileType = text; path = HWSChallenge27.txt; sourceTree = "<group>"; };
		BEEDCA482AB4E5D7003B1CD3 /* HWSFiles.h */ = {isa = PBXFileReference; lastKnownFileType = sourcecode.c.h; path = HWSFiles.h; sourceTree = "<group>"; };
		BEEDCA492AB4E5D7003B1CD3 /* HWSFiles.m */ = {isa = PBXFileReference; lastKnownFileType = sourcecode.c.objc; path = HWSFiles.m; sourceTree = "<group>"; };
		BEEDCA4B2AB4FE82003B1CD3 /* HWSChallenge27_Swift.swift */ = {isa = PBXFileReference; lastKnownFileType = sourcecode.swift; path = HWSChallenge27_Swift.swift; sourceTree = "<group>"; };
		BEEDCA602AB73CCF003B1CD3 /* HWSChallenge28_ObjC.h */ = {isa = PBXFileReference; lastKnownFileType = sourcecode.c.h; path = HWSChallenge28_ObjC.h; sourceTree = "<group>"; };
		BEEDCA612AB73CCF003B1CD3 /* HWSChallenge28_ObjC.m */ = {isa = PBXFileReference; lastKnownFileType = sourcecode.c.objc; path = HWSChallenge28_ObjC.m; sourceTree = "<group>"; };
		BEEDCA632AB740C6003B1CD3 /* HWSChallenge28.txt */ = {isa = PBXFileReference; fileEncoding = 4; lastKnownFileType = text; path = HWSChallenge28.txt; sourceTree = "<group>"; };
		BEEDCA642AB740F5003B1CD3 /* HWSChallenge28_Swift.swift */ = {isa = PBXFileReference; lastKnownFileType = sourcecode.swift; path = HWSChallenge28_Swift.swift; sourceTree = "<group>"; };
		BEEDCA662AB745D9003B1CD3 /* HWSChallenge29_ObjC.h */ = {isa = PBXFileReference; lastKnownFileType = sourcecode.c.h; path = HWSChallenge29_ObjC.h; sourceTree = "<group>"; };
		BEEDCA672AB745D9003B1CD3 /* HWSChallenge29_ObjC.m */ = {isa = PBXFileReference; lastKnownFileType = sourcecode.c.objc; path = HWSChallenge29_ObjC.m; sourceTree = "<group>"; };
		BEEDCA692AB74778003B1CD3 /* HWSChallenge29_Swift.swift */ = {isa = PBXFileReference; lastKnownFileType = sourcecode.swift; path = HWSChallenge29_Swift.swift; sourceTree = "<group>"; };
		BEEDCA6B2AB822BE003B1CD3 /* HWSChallenge30_ObjC.h */ = {isa = PBXFileReference; lastKnownFileType = sourcecode.c.h; path = HWSChallenge30_ObjC.h; sourceTree = "<group>"; };
		BEEDCA6C2AB822BE003B1CD3 /* HWSChallenge30_ObjC.m */ = {isa = PBXFileReference; lastKnownFileType = sourcecode.c.objc; path = HWSChallenge30_ObjC.m; sourceTree = "<group>"; };
		BEEDCA6F2AB82F76003B1CD3 /* HWSChallenge30_Swift.swift */ = {isa = PBXFileReference; lastKnownFileType = sourcecode.swift; path = HWSChallenge30_Swift.swift; sourceTree = "<group>"; };
		BEEDCA722AB8341C003B1CD3 /* cat 2.jpeg */ = {isa = PBXFileReference; lastKnownFileType = image.jpeg; path = "cat 2.jpeg"; sourceTree = "<group>"; };
		BEEDCA732AB8341C003B1CD3 /* cat 1.jpeg */ = {isa = PBXFileReference; lastKnownFileType = image.jpeg; path = "cat 1.jpeg"; sourceTree = "<group>"; };
		BEEDCA742AB83428003B1CD3 /* Hello.txt */ = {isa = PBXFileReference; fileEncoding = 4; lastKnownFileType = text; path = Hello.txt; sourceTree = "<group>"; };
		BEEDCA782AB8348E003B1CD3 /* World.txt */ = {isa = PBXFileReference; fileEncoding = 4; lastKnownFileType = text; path = World.txt; sourceTree = "<group>"; };
		BEEDCA792AB834C8003B1CD3 /* HWSChallenge31_ObjC.h */ = {isa = PBXFileReference; lastKnownFileType = sourcecode.c.h; path = HWSChallenge31_ObjC.h; sourceTree = "<group>"; };
		BEEDCA7A2AB834C8003B1CD3 /* HWSChallenge31_ObjC.m */ = {isa = PBXFileReference; lastKnownFileType = sourcecode.c.objc; path = HWSChallenge31_ObjC.m; sourceTree = "<group>"; };
		BEEDCA7E2AB83DC2003B1CD3 /* HWSChallenge31_Swift.swift */ = {isa = PBXFileReference; lastKnownFileType = sourcecode.swift; path = HWSChallenge31_Swift.swift; sourceTree = "<group>"; };
		BEEDCA802AB87A8F003B1CD3 /* HWSChallenge32_ObjC.h */ = {isa = PBXFileReference; lastKnownFileType = sourcecode.c.h; path = HWSChallenge32_ObjC.h; sourceTree = "<group>"; };
		BEEDCA812AB87A8F003B1CD3 /* HWSChallenge32_ObjC.m */ = {isa = PBXFileReference; lastKnownFileType = sourcecode.c.objc; path = HWSChallenge32_ObjC.m; sourceTree = "<group>"; };
		BEEDCA842AB8883A003B1CD3 /* Hello.txt */ = {isa = PBXFileReference; lastKnownFileType = text; path = Hello.txt; sourceTree = "<group>"; };
		BEEDCA852AB88865003B1CD3 /* Spain.txt */ = {isa = PBXFileReference; lastKnownFileType = text; path = Spain.txt; sourceTree = "<group>"; };
		BEEDCA862AB88BB8003B1CD3 /* HWSChallenge32_Swift.swift */ = {isa = PBXFileReference; lastKnownFileType = sourcecode.swift; path = HWSChallenge32_Swift.swift; sourceTree = "<group>"; };
/* End PBXFileReference section */

/* Begin PBXFrameworksBuildPhase section */
		BEBA1E6B2A9DF99400F8815F /* Frameworks */ = {
			isa = PBXFrameworksBuildPhase;
			buildActionMask = 2147483647;
			files = (
			);
			runOnlyForDeploymentPostprocessing = 0;
		};
/* End PBXFrameworksBuildPhase section */

/* Begin PBXGroup section */
		BE42DD052AB9D23800DAB8CB /* HWSChallenge33 */ = {
			isa = PBXGroup;
			children = (
				BE42DD092AB9D65600DAB8CB /* sub */,
				BE42DD0A2AB9D65600DAB8CB /* subdir */,
			);
			path = HWSChallenge33;
			sourceTree = "<group>";
		};
		BE5748BD2AA32BBD001E54C6 /* HWSChallenge04 */ = {
			isa = PBXGroup;
			children = (
				BE5748BF2AA32CD3001E54C6 /* NSString+FuzzyContains.h */,
				BE5748C02AA32CD3001E54C6 /* NSString+FuzzyContains.m */,
			);
			path = HWSChallenge04;
			sourceTree = "<group>";
		};
		BE5748C42AA3352C001E54C6 /* HWSChallenge04 */ = {
			isa = PBXGroup;
			children = (
				BE5748C52AA33557001E54C6 /* String+FuzzyContains.swift */,
			);
			path = HWSChallenge04;
			sourceTree = "<group>";
		};
		BE5997242ABAF0E4002A3D6F /* HWSChallenge34 */ = {
			isa = PBXGroup;
			children = (
				BE5997252ABAF0E4002A3D6F /* subdirectory */,
				BE5997272ABAF0E4002A3D6F /* a */,
			);
			path = HWSChallenge34;
			sourceTree = "<group>";
		};
		BE5997252ABAF0E4002A3D6F /* subdirectory */ = {
			isa = PBXGroup;
			children = (
				BE5997262ABAF0E4002A3D6F /* a */,
			);
			path = subdirectory;
			sourceTree = "<group>";
		};
		BE59972D2ABB1DDB002A3D6F /* HWSChallenge35 */ = {
			isa = PBXGroup;
			children = (
				BE59972E2ABB1DDB002A3D6F /* cat.jpeg */,
			);
			path = HWSChallenge35;
			sourceTree = "<group>";
		};
		BE5997342ABB2CCA002A3D6F /* HWSChallenge36 */ = {
			isa = PBXGroup;
			children = (
				BE5997352ABB2F6C002A3D6F /* hugefile.txt */,
			);
			path = HWSChallenge36;
			sourceTree = "<group>";
		};
		BE5D4C9F2AC1A23F009B090E /* HWSChallenge37 */ = {
			isa = PBXGroup;
			children = (
				BEAFE5882AC3F47500E6B098 /* NSArray+CountDigits.h */,
				BEAFE5892AC3F47500E6B098 /* NSArray+CountDigits.m */,
			);
			path = HWSChallenge37;
			sourceTree = "<group>";
		};
		BEAFE58D2AC3FD4600E6B098 /* HWSChallenge37 */ = {
			isa = PBXGroup;
			children = (
				BEAFE58E2AC3FD6600E6B098 /* Collection+CountDigits.swift */,
			);
			path = HWSChallenge37;
			sourceTree = "<group>";
		};
		BEBA1E652A9DF99400F8815F = {
			isa = PBXGroup;
			children = (
				BEBA1E702A9DF99400F8815F /* Challenges */,
				BEBA1E6F2A9DF99400F8815F /* Products */,
			);
			sourceTree = "<group>";
		};
		BEBA1E6F2A9DF99400F8815F /* Products */ = {
			isa = PBXGroup;
			children = (
				BEBA1E6E2A9DF99400F8815F /* Challenges */,
			);
			name = Products;
			sourceTree = "<group>";
		};
		BEBA1E702A9DF99400F8815F /* Challenges */ = {
			isa = PBXGroup;
			children = (
				BEBA1E792A9DFAB200F8815F /* Common */,
				BEBA1E782A9DFA4400F8815F /* HWS */,
				BEBA1E712A9DF99400F8815F /* main.m */,
			);
			path = Challenges;
			sourceTree = "<group>";
		};
		BEBA1E782A9DFA4400F8815F /* HWS */ = {
			isa = PBXGroup;
			children = (
				BEEDCA2D2AB459F4003B1CD3 /* HWSChallenges.h */,
				BEEDCA2E2AB459F4003B1CD3 /* HWSChallenges.m */,
				BEEDCA472AB4E315003B1CD3 /* Files */,
				BEBA1E872A9E060900F8815F /* ObjC */,
				BEBA1E882A9E061000F8815F /* Swift */,
			);
			path = HWS;
			sourceTree = "<group>";
		};
		BEBA1E792A9DFAB200F8815F /* Common */ = {
			isa = PBXGroup;
			children = (
				BEBA1E842A9E04E100F8815F /* Challenges-Bridging-Header.h */,
				BEBA1E802A9E007200F8815F /* NPChallengeSolver.h */,
				BEBA1E812A9E007200F8815F /* NPChallengeSolver.m */,
				BEBA1E832A9E009F00F8815F /* NPChallenge.h */,
			);
			path = Common;
			sourceTree = "<group>";
		};
		BEBA1E872A9E060900F8815F /* ObjC */ = {
			isa = PBXGroup;
			children = (
				BEBA1E8D2A9F2EC700F8815F /* HWSChallenge01_ObjC.h */,
				BEBA1E8E2A9F2EC700F8815F /* HWSChallenge01_ObjC.m */,
				BEBA1E902A9F485600F8815F /* HWSChallenge02_ObjC.h */,
				BEBA1E912A9F485600F8815F /* HWSChallenge02_ObjC.m */,
				BE5748B22AA277B5001E54C6 /* HWSChallenge03_ObjC.h */,
				BE5748B32AA277B5001E54C6 /* HWSChallenge03_ObjC.m */,
				BE5748BD2AA32BBD001E54C6 /* HWSChallenge04 */,
				BE5748BA2AA32B07001E54C6 /* HWSChallenge04_ObjC.h */,
				BE5748BB2AA32B07001E54C6 /* HWSChallenge04_ObjC.m */,
				BE5748C72AA3375F001E54C6 /* HWSChallenge05_ObjC.h */,
				BE5748C82AA3375F001E54C6 /* HWSChallenge05_ObjC.m */,
				BE5748CC2AA3511E001E54C6 /* HWSChallenge06_ObjC.h */,
				BE5748CD2AA3511E001E54C6 /* HWSChallenge06_ObjC.m */,
				BE5748D12AA35E42001E54C6 /* HWSChallenge07_ObjC.h */,
				BE5748D22AA35E42001E54C6 /* HWSChallenge07_ObjC.m */,
				BE8E06302AA4B9F200D03150 /* HWSChallenge08_ObjC.h */,
				BE8E06312AA4B9F200D03150 /* HWSChallenge08_ObjC.m */,
				BE8E06352AA4BECA00D03150 /* HWSChallenge09_ObjC.h */,
				BE8E06362AA4BECA00D03150 /* HWSChallenge09_ObjC.m */,
				BE473ACB2AA5CE4000F4FEFF /* HWSChallenge10_ObjC.h */,
				BE473ACC2AA5CE4000F4FEFF /* HWSChallenge10_ObjC.m */,
				BE473AD02AA5DB4700F4FEFF /* HWSChallenge11_ObjC.h */,
				BE473AD12AA5DB4700F4FEFF /* HWSChallenge11_ObjC.m */,
				BE473AD52AA789CA00F4FEFF /* HWSChallenge12_ObjC.h */,
				BE473AD62AA789CA00F4FEFF /* HWSChallenge12_ObjC.m */,
				BE7A72912AA8853E00FF1337 /* HWSChallenge13_ObjC.h */,
				BE7A72922AA8853E00FF1337 /* HWSChallenge13_ObjC.m */,
				BE7A72962AA8942700FF1337 /* HWSChallenge14_ObjC.h */,
				BE7A72972AA8942700FF1337 /* HWSChallenge14_ObjC.m */,
				BE7A729B2AA8A5EF00FF1337 /* HWSChallenge15_ObjC.h */,
				BE7A729C2AA8A5EF00FF1337 /* HWSChallenge15_ObjC.m */,
				BE7A72A52AA9BABF00FF1337 /* HWSChallenge16_ObjC.h */,
				BE7A72A62AA9BABF00FF1337 /* HWSChallenge16_ObjC.m */,
				BECA1DF32A9FCD380066F994 /* HWSChallenge17_ObjC.h */,
				BECA1DF42A9FCD380066F994 /* HWSChallenge17_ObjC.m */,
				BE7A72A02AA9B54100FF1337 /* HWSChallenge18_ObjC.h */,
				BE7A72A12AA9B54100FF1337 /* HWSChallenge18_ObjC.m */,
				BE7A72AA2AA9BF4500FF1337 /* HWSChallenge19_ObjC.h */,
				BE7A72AB2AA9BF4500FF1337 /* HWSChallenge19_ObjC.m */,
				BE3278E72AACC91900A3BA84 /* HWSChallenge20_ObjC.h */,
				BE3278E82AACC91900A3BA84 /* HWSChallenge20_ObjC.m */,
				BE3278EC2AAD044E00A3BA84 /* HWSChallenge21_ObjC.h */,
				BE3278ED2AAD044E00A3BA84 /* HWSChallenge21_ObjC.m */,
				BE26410C2AB22DA2005DEEA2 /* HWSChallenge22_ObjC.h */,
				BE26410D2AB22DA2005DEEA2 /* HWSChallenge22_ObjC.m */,
				BE2641112AB24114005DEEA2 /* HWSChallenge23_ObjC.h */,
				BE2641122AB24114005DEEA2 /* HWSChallenge23_ObjC.m */,
				BE2641162AB24615005DEEA2 /* HWSChallenge24_ObjC.h */,
				BE2641172AB24615005DEEA2 /* HWSChallenge24_ObjC.m */,
				BE26411B2AB39BFC005DEEA2 /* HWSChallenge25_ObjC.h */,
				BE26411C2AB39BFC005DEEA2 /* HWSChallenge25_ObjC.m */,
				BEEDCA302AB48983003B1CD3 /* HWSChallenge26_ObjC.h */,
				BEEDCA312AB48983003B1CD3 /* HWSChallenge26_ObjC.m */,
				BEEDCA422AB4DAEC003B1CD3 /* HWSChallenge27_ObjC.h */,
				BEEDCA432AB4DAEC003B1CD3 /* HWSChallenge27_ObjC.m */,
				BEEDCA602AB73CCF003B1CD3 /* HWSChallenge28_ObjC.h */,
				BEEDCA612AB73CCF003B1CD3 /* HWSChallenge28_ObjC.m */,
				BEEDCA662AB745D9003B1CD3 /* HWSChallenge29_ObjC.h */,
				BEEDCA672AB745D9003B1CD3 /* HWSChallenge29_ObjC.m */,
				BEEDCA6B2AB822BE003B1CD3 /* HWSChallenge30_ObjC.h */,
				BEEDCA6C2AB822BE003B1CD3 /* HWSChallenge30_ObjC.m */,
				BEEDCA792AB834C8003B1CD3 /* HWSChallenge31_ObjC.h */,
				BEEDCA7A2AB834C8003B1CD3 /* HWSChallenge31_ObjC.m */,
				BEEDCA802AB87A8F003B1CD3 /* HWSChallenge32_ObjC.h */,
				BEEDCA812AB87A8F003B1CD3 /* HWSChallenge32_ObjC.m */,
				BE42DD062AB9D26400DAB8CB /* HWSChallenge33_ObjC.h */,
				BE42DD072AB9D26400DAB8CB /* HWSChallenge33_ObjC.m */,
				BE5997202ABAED74002A3D6F /* HWSChallenge34_ObjC.h */,
				BE5997212ABAED74002A3D6F /* HWSChallenge34_ObjC.m */,
				BE59972A2ABB1684002A3D6F /* HWSChallenge35_ObjC.h */,
				BE59972B2ABB1684002A3D6F /* HWSChallenge35_ObjC.m */,
				BE5997312ABB26CF002A3D6F /* HWSChallenge36_ObjC.h */,
				BE5997322ABB26CF002A3D6F /* HWSChallenge36_ObjC.m */,
				BE5D4C9F2AC1A23F009B090E /* HWSChallenge37 */,
				BE5D4C9C2AC19B60009B090E /* HWSChallenge37_ObjC.h */,
				BE5D4C9D2AC19B60009B090E /* HWSChallenge37_ObjC.m */,
			);
			path = ObjC;
			sourceTree = "<group>";
		};
		BEBA1E882A9E061000F8815F /* Swift */ = {
			isa = PBXGroup;
			children = (
				BEBA1E852A9E04E200F8815F /* HWSChallenge01a_Swift.swift */,
				BEBA1E8B2A9F1ECA00F8815F /* HWSChallenge01b_Swift.swift */,
				BEBA1E932A9F4B1200F8815F /* HWSChallenge02_Swift.swift */,
				BE5748B52AA32781001E54C6 /* HWSChallenge03_Swift.swift */,
				BE5748C42AA3352C001E54C6 /* HWSChallenge04 */,
				BE5748C22AA334E8001E54C6 /* HWSChallenge04_Swift.swift */,
				BE5748CA2AA33CF2001E54C6 /* HWSChallenge05_Swift.swift */,
				BE5748CF2AA35B2F001E54C6 /* HWSChallenge06_Swift.swift */,
				BE5748D42AA36E6E001E54C6 /* HWSChallenge07_Swift.swift */,
				BE8E06332AA4BDA500D03150 /* HWSChallenge08_Swift.swift */,
				BE8E06382AA4C26400D03150 /* HWSChallenge09_Swift.swift */,
				BE473ACE2AA5D44500F4FEFF /* HWSChallenge10_Swift.swift */,
				BE473AD32AA5F7EB00F4FEFF /* HWSChallenge11_Swift.swift */,
				BE7A728F2AA87C3300FF1337 /* HWSChallenge12_Swift.swift */,
				BE7A72942AA8907100FF1337 /* HWSChallenge13_Swift.swift */,
				BE7A72992AA8A11E00FF1337 /* HWSChallenge14_Swift.swift */,
				BE7A729E2AA8AFAB00FF1337 /* HWSChallenge15_Swift.swift */,
				BE7A72A82AA9BD7B00FF1337 /* HWSChallenge16_Swift.swift */,
				BECA1DF62A9FD71A0066F994 /* HWSChallenge17_Swift.swift */,
				BE7A72A32AA9B7D000FF1337 /* HWSChallenge18_Swift.swift */,
				BE7A72AD2AA9CC1D00FF1337 /* HWSChallenge19_Swift.swift */,
				BE3278EA2AACEBF200A3BA84 /* HWSChallenge20_Swift.swift */,
				BE0B0EEE2AAE42DD00ABB961 /* HWSChallenge21_Swift.swift */,
				BE26410F2AB23F48005DEEA2 /* HWSChallenge22_Swift.swift */,
				BE2641142AB243C3005DEEA2 /* HWSChallenge23_Swift.swift */,
				BE2641192AB248F4005DEEA2 /* HWSChallenge24_Swift.swift */,
				BEEDCA2B2AB45784003B1CD3 /* HWSChallenge25_Swift.swift */,
				BEEDCA352AB48BA8003B1CD3 /* HWSChallenge26_Swift.swift */,
				BEEDCA4B2AB4FE82003B1CD3 /* HWSChallenge27_Swift.swift */,
				BEEDCA642AB740F5003B1CD3 /* HWSChallenge28_Swift.swift */,
				BEEDCA692AB74778003B1CD3 /* HWSChallenge29_Swift.swift */,
				BEEDCA6F2AB82F76003B1CD3 /* HWSChallenge30_Swift.swift */,
				BEEDCA7E2AB83DC2003B1CD3 /* HWSChallenge31_Swift.swift */,
				BEEDCA862AB88BB8003B1CD3 /* HWSChallenge32_Swift.swift */,
				BE42DD0B2AB9DBBE00DAB8CB /* HWSChallenge33_Swift.swift */,
				BE5997282ABAF1AD002A3D6F /* HWSChallenge34_Swift.swift */,
				BE59972F2ABB1ED9002A3D6F /* HWSChallenge35_Swift.swift */,
				BEA2DD582ABB3D53003A5F63 /* HWSChallenge36_Swift.swift */,
				BEAFE58D2AC3FD4600E6B098 /* HWSChallenge37 */,
				BEAFE58B2AC3FC6400E6B098 /* HWSChallenge37_Swift.swift */,
			);
			path = Swift;
			sourceTree = "<group>";
		};
		BEEDCA472AB4E315003B1CD3 /* Files */ = {
			isa = PBXGroup;
			children = (
				BEEDCA482AB4E5D7003B1CD3 /* HWSFiles.h */,
				BEEDCA492AB4E5D7003B1CD3 /* HWSFiles.m */,
				BEEDCA462AB4E2C9003B1CD3 /* HWSChallenge27.txt */,
				BEEDCA632AB740C6003B1CD3 /* HWSChallenge28.txt */,
				BEEDCA6E2AB82AD1003B1CD3 /* HWSChallenge30 */,
				BEEDCA712AB833DC003B1CD3 /* HWSChallenge31 */,
				BEEDCA832AB88809003B1CD3 /* HWSChallenge32 */,
				BE42DD052AB9D23800DAB8CB /* HWSChallenge33 */,
				BE5997242ABAF0E4002A3D6F /* HWSChallenge34 */,
				BE59972D2ABB1DDB002A3D6F /* HWSChallenge35 */,
				BE5997342ABB2CCA002A3D6F /* HWSChallenge36 */,
			);
			path = Files;
			sourceTree = "<group>";
		};
		BEEDCA6E2AB82AD1003B1CD3 /* HWSChallenge30 */ = {
			isa = PBXGroup;
			children = (
				BEEDCA732AB8341C003B1CD3 /* cat 1.jpeg */,
				BEEDCA722AB8341C003B1CD3 /* cat 2.jpeg */,
			);
			path = HWSChallenge30;
			sourceTree = "<group>";
		};
		BEEDCA712AB833DC003B1CD3 /* HWSChallenge31 */ = {
			isa = PBXGroup;
			children = (
				BEEDCA7D2AB83A33003B1CD3 /* CopyTo */,
				BEEDCA752AB83437003B1CD3 /* Content */,
			);
			path = HWSChallenge31;
			sourceTree = "<group>";
		};
		BEEDCA752AB83437003B1CD3 /* Content */ = {
			isa = PBXGroup;
			children = (
				BEEDCA772AB83479003B1CD3 /* SubDirectory */,
				BEEDCA742AB83428003B1CD3 /* Hello.txt */,
			);
			path = Content;
			sourceTree = "<group>";
		};
		BEEDCA772AB83479003B1CD3 /* SubDirectory */ = {
			isa = PBXGroup;
			children = (
				BEEDCA782AB8348E003B1CD3 /* World.txt */,
			);
			path = SubDirectory;
			sourceTree = "<group>";
		};
		BEEDCA7D2AB83A33003B1CD3 /* CopyTo */ = {
			isa = PBXGroup;
			children = (
			);
			path = CopyTo;
			sourceTree = "<group>";
		};
		BEEDCA832AB88809003B1CD3 /* HWSChallenge32 */ = {
			isa = PBXGroup;
			children = (
				BEEDCA842AB8883A003B1CD3 /* Hello.txt */,
				BEEDCA852AB88865003B1CD3 /* Spain.txt */,
			);
			path = HWSChallenge32;
			sourceTree = "<group>";
		};
/* End PBXGroup section */

/* Begin PBXNativeTarget section */
		BEBA1E6D2A9DF99400F8815F /* Challenges */ = {
			isa = PBXNativeTarget;
			buildConfigurationList = BEBA1E752A9DF99400F8815F /* Build configuration list for PBXNativeTarget "Challenges" */;
			buildPhases = (
				BEBA1E6A2A9DF99400F8815F /* Sources */,
				BEBA1E6B2A9DF99400F8815F /* Frameworks */,
				BEBA1E6C2A9DF99400F8815F /* CopyFiles */,
			);
			buildRules = (
			);
			dependencies = (
			);
			name = Challenges;
			productName = Challenges;
			productReference = BEBA1E6E2A9DF99400F8815F /* Challenges */;
			productType = "com.apple.product-type.tool";
		};
/* End PBXNativeTarget section */

/* Begin PBXProject section */
		BEBA1E662A9DF99400F8815F /* Project object */ = {
			isa = PBXProject;
			attributes = {
				BuildIndependentTargetsInParallel = 1;
				LastUpgradeCheck = 1430;
				TargetAttributes = {
					BEBA1E6D2A9DF99400F8815F = {
						CreatedOnToolsVersion = 14.3.1;
						LastSwiftMigration = 1430;
					};
				};
			};
			buildConfigurationList = BEBA1E692A9DF99400F8815F /* Build configuration list for PBXProject "Challenges" */;
			compatibilityVersion = "Xcode 14.0";
			developmentRegion = en;
			hasScannedForEncodings = 0;
			knownRegions = (
				en,
				Base,
			);
			mainGroup = BEBA1E652A9DF99400F8815F;
			productRefGroup = BEBA1E6F2A9DF99400F8815F /* Products */;
			projectDirPath = "";
			projectRoot = "";
			targets = (
				BEBA1E6D2A9DF99400F8815F /* Challenges */,
			);
		};
/* End PBXProject section */

/* Begin PBXSourcesBuildPhase section */
		BEBA1E6A2A9DF99400F8815F /* Sources */ = {
			isa = PBXSourcesBuildPhase;
			buildActionMask = 2147483647;
			files = (
				BE5748C32AA334E8001E54C6 /* HWSChallenge04_Swift.swift in Sources */,
				BE473AD72AA789CA00F4FEFF /* HWSChallenge12_ObjC.m in Sources */,
				BE5748C62AA33557001E54C6 /* String+FuzzyContains.swift in Sources */,
				BEBA1E722A9DF99400F8815F /* main.m in Sources */,
				BEEDCA4C2AB4FE82003B1CD3 /* HWSChallenge27_Swift.swift in Sources */,
				BE8E06372AA4BECA00D03150 /* HWSChallenge09_ObjC.m in Sources */,
				BEBA1E8F2A9F2EC700F8815F /* HWSChallenge01_ObjC.m in Sources */,
				BE5997292ABAF1AD002A3D6F /* HWSChallenge34_Swift.swift in Sources */,
				BEAFE58A2AC3F47500E6B098 /* NSArray+CountDigits.m in Sources */,
				BEEDCA4A2AB4E5D7003B1CD3 /* HWSFiles.m in Sources */,
				BE2641102AB23F48005DEEA2 /* HWSChallenge22_Swift.swift in Sources */,
				BE7A72932AA8853E00FF1337 /* HWSChallenge13_ObjC.m in Sources */,
				BE5748CE2AA3511E001E54C6 /* HWSChallenge06_ObjC.m in Sources */,
				BE5748CB2AA33CF2001E54C6 /* HWSChallenge05_Swift.swift in Sources */,
				BE7A72952AA8907100FF1337 /* HWSChallenge13_Swift.swift in Sources */,
				BE59972C2ABB1684002A3D6F /* HWSChallenge35_ObjC.m in Sources */,
				BEEDCA682AB745D9003B1CD3 /* HWSChallenge29_ObjC.m in Sources */,
				BE8E06322AA4B9F200D03150 /* HWSChallenge08_ObjC.m in Sources */,
				BEEDCA2C2AB45784003B1CD3 /* HWSChallenge25_Swift.swift in Sources */,
				BECA1DF52A9FCD380066F994 /* HWSChallenge17_ObjC.m in Sources */,
				BE7A729D2AA8A5EF00FF1337 /* HWSChallenge15_ObjC.m in Sources */,
				BE5748D52AA36E6E001E54C6 /* HWSChallenge07_Swift.swift in Sources */,
				BE473ACF2AA5D44500F4FEFF /* HWSChallenge10_Swift.swift in Sources */,
				BE7A72A22AA9B54100FF1337 /* HWSChallenge18_ObjC.m in Sources */,
				BE5997332ABB26CF002A3D6F /* HWSChallenge36_ObjC.m in Sources */,
				BE42DD0C2AB9DBBE00DAB8CB /* HWSChallenge33_Swift.swift in Sources */,
				BEEDCA652AB740F5003B1CD3 /* HWSChallenge28_Swift.swift in Sources */,
				BE26411D2AB39BFC005DEEA2 /* HWSChallenge25_ObjC.m in Sources */,
				BE7A72AC2AA9BF4500FF1337 /* HWSChallenge19_ObjC.m in Sources */,
				BE5D4C9E2AC19B60009B090E /* HWSChallenge37_ObjC.m in Sources */,
				BE42DD082AB9D26400DAB8CB /* HWSChallenge33_ObjC.m in Sources */,
				BE5748D02AA35B2F001E54C6 /* HWSChallenge06_Swift.swift in Sources */,
				BE473AD22AA5DB4700F4FEFF /* HWSChallenge11_ObjC.m in Sources */,
				BE7A72A42AA9B7D000FF1337 /* HWSChallenge18_Swift.swift in Sources */,
				BE7A72902AA87C3300FF1337 /* HWSChallenge12_Swift.swift in Sources */,
				BE0B0EEF2AAE42DD00ABB961 /* HWSChallenge21_Swift.swift in Sources */,
				BE7A72A92AA9BD7B00FF1337 /* HWSChallenge16_Swift.swift in Sources */,
				BE473ACD2AA5CE4000F4FEFF /* HWSChallenge10_ObjC.m in Sources */,
				BEEDCA322AB48983003B1CD3 /* HWSChallenge26_ObjC.m in Sources */,
				BEEDCA6A2AB74778003B1CD3 /* HWSChallenge29_Swift.swift in Sources */,
				BEAFE58C2AC3FC6400E6B098 /* HWSChallenge37_Swift.swift in Sources */,
				BECA1DF72A9FD71A0066F994 /* HWSChallenge17_Swift.swift in Sources */,
				BE3278EB2AACEBF200A3BA84 /* HWSChallenge20_Swift.swift in Sources */,
				BEAFE58F2AC3FD6600E6B098 /* Collection+CountDigits.swift in Sources */,
				BE5997222ABAED74002A3D6F /* HWSChallenge34_ObjC.m in Sources */,
				BE3278E92AACC91900A3BA84 /* HWSChallenge20_ObjC.m in Sources */,
				BE473AD42AA5F7EB00F4FEFF /* HWSChallenge11_Swift.swift in Sources */,
				BE2641152AB243C3005DEEA2 /* HWSChallenge23_Swift.swift in Sources */,
				BE7A729A2AA8A11E00FF1337 /* HWSChallenge14_Swift.swift in Sources */,
				BEBA1E942A9F4B1200F8815F /* HWSChallenge02_Swift.swift in Sources */,
				BEA2DD592ABB3D53003A5F63 /* HWSChallenge36_Swift.swift in Sources */,
				BE2641182AB24615005DEEA2 /* HWSChallenge24_ObjC.m in Sources */,
				BE7A72A72AA9BABF00FF1337 /* HWSChallenge16_ObjC.m in Sources */,
				BE5748C92AA3375F001E54C6 /* HWSChallenge05_ObjC.m in Sources */,
				BEEDCA362AB48BA8003B1CD3 /* HWSChallenge26_Swift.swift in Sources */,
				BE5748B62AA32781001E54C6 /* HWSChallenge03_Swift.swift in Sources */,
				BEEDCA622AB73CCF003B1CD3 /* HWSChallenge28_ObjC.m in Sources */,
				BEEDCA442AB4DAEC003B1CD3 /* HWSChallenge27_ObjC.m in Sources */,
				BEEDCA702AB82F76003B1CD3 /* HWSChallenge30_Swift.swift in Sources */,
				BEEDCA872AB88BB8003B1CD3 /* HWSChallenge32_Swift.swift in Sources */,
				BE5997302ABB1ED9002A3D6F /* HWSChallenge35_Swift.swift in Sources */,
				BE5748C12AA32CD3001E54C6 /* NSString+FuzzyContains.m in Sources */,
				BEEDCA822AB87A8F003B1CD3 /* HWSChallenge32_ObjC.m in Sources */,
				BE5748D32AA35E42001E54C6 /* HWSChallenge07_ObjC.m in Sources */,
				BE5748BC2AA32B07001E54C6 /* HWSChallenge04_ObjC.m in Sources */,
				BEBA1E8C2A9F1ECA00F8815F /* HWSChallenge01b_Swift.swift in Sources */,
				BEEDCA6D2AB822BE003B1CD3 /* HWSChallenge30_ObjC.m in Sources */,
				BE7A72982AA8942700FF1337 /* HWSChallenge14_ObjC.m in Sources */,
				BEEDCA7F2AB83DC2003B1CD3 /* HWSChallenge31_Swift.swift in Sources */,
				BE26410E2AB22DA2005DEEA2 /* HWSChallenge22_ObjC.m in Sources */,
				BE3278EE2AAD044E00A3BA84 /* HWSChallenge21_ObjC.m in Sources */,
				BEBA1E922A9F485600F8815F /* HWSChallenge02_ObjC.m in Sources */,
				BE7A729F2AA8AFAB00FF1337 /* HWSChallenge15_Swift.swift in Sources */,
				BE26411A2AB248F4005DEEA2 /* HWSChallenge24_Swift.swift in Sources */,
				BEBA1E862A9E04E200F8815F /* HWSChallenge01a_Swift.swift in Sources */,
				BEBA1E822A9E007200F8815F /* NPChallengeSolver.m in Sources */,
				BEEDCA2F2AB459F4003B1CD3 /* HWSChallenges.m in Sources */,
				BE8E06342AA4BDA500D03150 /* HWSChallenge08_Swift.swift in Sources */,
				BE7A72AE2AA9CC1D00FF1337 /* HWSChallenge19_Swift.swift in Sources */,
				BE2641132AB24114005DEEA2 /* HWSChallenge23_ObjC.m in Sources */,
				BE5748B42AA277B5001E54C6 /* HWSChallenge03_ObjC.m in Sources */,
				BEEDCA7B2AB834C8003B1CD3 /* HWSChallenge31_ObjC.m in Sources */,
				BE8E06392AA4C26400D03150 /* HWSChallenge09_Swift.swift in Sources */,
			);
			runOnlyForDeploymentPostprocessing = 0;
		};
/* End PBXSourcesBuildPhase section */

/* Begin XCBuildConfiguration section */
		BEBA1E732A9DF99400F8815F /* Debug */ = {
			isa = XCBuildConfiguration;
			buildSettings = {
				ALWAYS_SEARCH_USER_PATHS = NO;
				CLANG_ANALYZER_NONNULL = YES;
				CLANG_ANALYZER_NUMBER_OBJECT_CONVERSION = YES_AGGRESSIVE;
				CLANG_CXX_LANGUAGE_STANDARD = "gnu++20";
				CLANG_ENABLE_MODULES = YES;
				CLANG_ENABLE_OBJC_ARC = YES;
				CLANG_ENABLE_OBJC_WEAK = YES;
				CLANG_WARN_BLOCK_CAPTURE_AUTORELEASING = YES;
				CLANG_WARN_BOOL_CONVERSION = YES;
				CLANG_WARN_COMMA = YES;
				CLANG_WARN_CONSTANT_CONVERSION = YES;
				CLANG_WARN_DEPRECATED_OBJC_IMPLEMENTATIONS = YES;
				CLANG_WARN_DIRECT_OBJC_ISA_USAGE = YES_ERROR;
				CLANG_WARN_DOCUMENTATION_COMMENTS = YES;
				CLANG_WARN_EMPTY_BODY = YES;
				CLANG_WARN_ENUM_CONVERSION = YES;
				CLANG_WARN_INFINITE_RECURSION = YES;
				CLANG_WARN_INT_CONVERSION = YES;
				CLANG_WARN_NON_LITERAL_NULL_CONVERSION = YES;
				CLANG_WARN_OBJC_IMPLICIT_RETAIN_SELF = YES;
				CLANG_WARN_OBJC_LITERAL_CONVERSION = YES;
				CLANG_WARN_OBJC_ROOT_CLASS = YES_ERROR;
				CLANG_WARN_QUOTED_INCLUDE_IN_FRAMEWORK_HEADER = YES;
				CLANG_WARN_RANGE_LOOP_ANALYSIS = YES;
				CLANG_WARN_STRICT_PROTOTYPES = YES;
				CLANG_WARN_SUSPICIOUS_MOVE = YES;
				CLANG_WARN_UNGUARDED_AVAILABILITY = YES_AGGRESSIVE;
				CLANG_WARN_UNREACHABLE_CODE = YES;
				CLANG_WARN__DUPLICATE_METHOD_MATCH = YES;
				COPY_PHASE_STRIP = NO;
				DEBUG_INFORMATION_FORMAT = dwarf;
				ENABLE_STRICT_OBJC_MSGSEND = YES;
				ENABLE_TESTABILITY = YES;
				GCC_C_LANGUAGE_STANDARD = gnu11;
				GCC_DYNAMIC_NO_PIC = NO;
				GCC_NO_COMMON_BLOCKS = YES;
				GCC_OPTIMIZATION_LEVEL = 0;
				GCC_PREPROCESSOR_DEFINITIONS = (
					"DEBUG=1",
					"$(inherited)",
				);
				GCC_WARN_64_TO_32_BIT_CONVERSION = YES;
				GCC_WARN_ABOUT_RETURN_TYPE = YES_ERROR;
				GCC_WARN_UNDECLARED_SELECTOR = YES;
				GCC_WARN_UNINITIALIZED_AUTOS = YES_AGGRESSIVE;
				GCC_WARN_UNUSED_FUNCTION = YES;
				GCC_WARN_UNUSED_VARIABLE = YES;
				MACOSX_DEPLOYMENT_TARGET = 13.3;
				MTL_ENABLE_DEBUG_INFO = INCLUDE_SOURCE;
				MTL_FAST_MATH = YES;
				ONLY_ACTIVE_ARCH = YES;
				SDKROOT = macosx;
			};
			name = Debug;
		};
		BEBA1E742A9DF99400F8815F /* Release */ = {
			isa = XCBuildConfiguration;
			buildSettings = {
				ALWAYS_SEARCH_USER_PATHS = NO;
				CLANG_ANALYZER_NONNULL = YES;
				CLANG_ANALYZER_NUMBER_OBJECT_CONVERSION = YES_AGGRESSIVE;
				CLANG_CXX_LANGUAGE_STANDARD = "gnu++20";
				CLANG_ENABLE_MODULES = YES;
				CLANG_ENABLE_OBJC_ARC = YES;
				CLANG_ENABLE_OBJC_WEAK = YES;
				CLANG_WARN_BLOCK_CAPTURE_AUTORELEASING = YES;
				CLANG_WARN_BOOL_CONVERSION = YES;
				CLANG_WARN_COMMA = YES;
				CLANG_WARN_CONSTANT_CONVERSION = YES;
				CLANG_WARN_DEPRECATED_OBJC_IMPLEMENTATIONS = YES;
				CLANG_WARN_DIRECT_OBJC_ISA_USAGE = YES_ERROR;
				CLANG_WARN_DOCUMENTATION_COMMENTS = YES;
				CLANG_WARN_EMPTY_BODY = YES;
				CLANG_WARN_ENUM_CONVERSION = YES;
				CLANG_WARN_INFINITE_RECURSION = YES;
				CLANG_WARN_INT_CONVERSION = YES;
				CLANG_WARN_NON_LITERAL_NULL_CONVERSION = YES;
				CLANG_WARN_OBJC_IMPLICIT_RETAIN_SELF = YES;
				CLANG_WARN_OBJC_LITERAL_CONVERSION = YES;
				CLANG_WARN_OBJC_ROOT_CLASS = YES_ERROR;
				CLANG_WARN_QUOTED_INCLUDE_IN_FRAMEWORK_HEADER = YES;
				CLANG_WARN_RANGE_LOOP_ANALYSIS = YES;
				CLANG_WARN_STRICT_PROTOTYPES = YES;
				CLANG_WARN_SUSPICIOUS_MOVE = YES;
				CLANG_WARN_UNGUARDED_AVAILABILITY = YES_AGGRESSIVE;
				CLANG_WARN_UNREACHABLE_CODE = YES;
				CLANG_WARN__DUPLICATE_METHOD_MATCH = YES;
				COPY_PHASE_STRIP = NO;
				DEBUG_INFORMATION_FORMAT = "dwarf-with-dsym";
				ENABLE_NS_ASSERTIONS = NO;
				ENABLE_STRICT_OBJC_MSGSEND = YES;
				GCC_C_LANGUAGE_STANDARD = gnu11;
				GCC_NO_COMMON_BLOCKS = YES;
				GCC_WARN_64_TO_32_BIT_CONVERSION = YES;
				GCC_WARN_ABOUT_RETURN_TYPE = YES_ERROR;
				GCC_WARN_UNDECLARED_SELECTOR = YES;
				GCC_WARN_UNINITIALIZED_AUTOS = YES_AGGRESSIVE;
				GCC_WARN_UNUSED_FUNCTION = YES;
				GCC_WARN_UNUSED_VARIABLE = YES;
				MACOSX_DEPLOYMENT_TARGET = 13.3;
				MTL_ENABLE_DEBUG_INFO = NO;
				MTL_FAST_MATH = YES;
				SDKROOT = macosx;
			};
			name = Release;
		};
		BEBA1E762A9DF99400F8815F /* Debug */ = {
			isa = XCBuildConfiguration;
			buildSettings = {
				CLANG_ENABLE_MODULES = YES;
				CODE_SIGN_STYLE = Automatic;
				DEVELOPMENT_TEAM = 62VPKU8FKF;
				ENABLE_HARDENED_RUNTIME = YES;
				PRODUCT_NAME = "$(TARGET_NAME)";
				RUN_CLANG_STATIC_ANALYZER = YES;
				SWIFT_OBJC_BRIDGING_HEADER = "Challenges/Common/Challenges-Bridging-Header.h";
				SWIFT_OPTIMIZATION_LEVEL = "-Onone";
				SWIFT_VERSION = 5.0;
			};
			name = Debug;
		};
		BEBA1E772A9DF99400F8815F /* Release */ = {
			isa = XCBuildConfiguration;
			buildSettings = {
				CLANG_ENABLE_MODULES = YES;
				CODE_SIGN_STYLE = Automatic;
				DEVELOPMENT_TEAM = 62VPKU8FKF;
				ENABLE_HARDENED_RUNTIME = YES;
				PRODUCT_NAME = "$(TARGET_NAME)";
				RUN_CLANG_STATIC_ANALYZER = YES;
				SWIFT_OBJC_BRIDGING_HEADER = "Challenges/Common/Challenges-Bridging-Header.h";
				SWIFT_VERSION = 5.0;
			};
			name = Release;
		};
/* End XCBuildConfiguration section */

/* Begin XCConfigurationList section */
		BEBA1E692A9DF99400F8815F /* Build configuration list for PBXProject "Challenges" */ = {
			isa = XCConfigurationList;
			buildConfigurations = (
				BEBA1E732A9DF99400F8815F /* Debug */,
				BEBA1E742A9DF99400F8815F /* Release */,
			);
			defaultConfigurationIsVisible = 0;
			defaultConfigurationName = Release;
		};
		BEBA1E752A9DF99400F8815F /* Build configuration list for PBXNativeTarget "Challenges" */ = {
			isa = XCConfigurationList;
			buildConfigurations = (
				BEBA1E762A9DF99400F8815F /* Debug */,
				BEBA1E772A9DF99400F8815F /* Release */,
			);
			defaultConfigurationIsVisible = 0;
			defaultConfigurationName = Release;
		};
/* End XCConfigurationList section */
	};
	rootObject = BEBA1E662A9DF99400F8815F /* Project object */;
}
