// !$*UTF8*$!
{
	archiveVersion = 1;
	classes = {
	};
	objectVersion = 56;
	objects = {

/* Begin PBXBuildFile section */
		BE3278E92AACC91900A3BA84 /* HWSChallenge20_ObjC.m in Sources */ = {isa = PBXBuildFile; fileRef = BE3278E82AACC91900A3BA84 /* HWSChallenge20_ObjC.m */; };
		BE3278EB2AACEBF200A3BA84 /* HWSChallenge20_Swift.swift in Sources */ = {isa = PBXBuildFile; fileRef = BE3278EA2AACEBF200A3BA84 /* HWSChallenge20_Swift.swift */; };
		BE3278EE2AAD044E00A3BA84 /* HWSChallenge21_ObjC.m in Sources */ = {isa = PBXBuildFile; fileRef = BE3278ED2AAD044E00A3BA84 /* HWSChallenge21_ObjC.m */; };
		BE473ACD2AA5CE4000F4FEFF /* HWSChallenge10_ObjC.m in Sources */ = {isa = PBXBuildFile; fileRef = BE473ACC2AA5CE4000F4FEFF /* HWSChallenge10_ObjC.m */; };
		BE473ACF2AA5D44500F4FEFF /* HWSChallenge10_Swift.swift in Sources */ = {isa = PBXBuildFile; fileRef = BE473ACE2AA5D44500F4FEFF /* HWSChallenge10_Swift.swift */; };
		BE473AD22AA5DB4700F4FEFF /* HWSChallenge11_ObjC.m in Sources */ = {isa = PBXBuildFile; fileRef = BE473AD12AA5DB4700F4FEFF /* HWSChallenge11_ObjC.m */; };
		BE473AD42AA5F7EB00F4FEFF /* HWSChallenge11_Swift.swift in Sources */ = {isa = PBXBuildFile; fileRef = BE473AD32AA5F7EB00F4FEFF /* HWSChallenge11_Swift.swift */; };
		BE473AD72AA789CA00F4FEFF /* HWSChallenge12_ObjC.m in Sources */ = {isa = PBXBuildFile; fileRef = BE473AD62AA789CA00F4FEFF /* HWSChallenge12_ObjC.m */; };
		BE5748B42AA277B5001E54C6 /* HWSChallenge03_ObjC.m in Sources */ = {isa = PBXBuildFile; fileRef = BE5748B32AA277B5001E54C6 /* HWSChallenge03_ObjC.m */; };
		BE5748B62AA32781001E54C6 /* HWSChallenge03_Swift.swift in Sources */ = {isa = PBXBuildFile; fileRef = BE5748B52AA32781001E54C6 /* HWSChallenge03_Swift.swift */; };
		BE5748BC2AA32B07001E54C6 /* HWSChallenge04_ObjC.m in Sources */ = {isa = PBXBuildFile; fileRef = BE5748BB2AA32B07001E54C6 /* HWSChallenge04_ObjC.m */; };
		BE5748C12AA32CD3001E54C6 /* NSString+FuzzyContains.m in Sources */ = {isa = PBXBuildFile; fileRef = BE5748C02AA32CD3001E54C6 /* NSString+FuzzyContains.m */; };
		BE5748C32AA334E8001E54C6 /* HWSChallenge04_Swift.swift in Sources */ = {isa = PBXBuildFile; fileRef = BE5748C22AA334E8001E54C6 /* HWSChallenge04_Swift.swift */; };
		BE5748C62AA33557001E54C6 /* String+FuzzyContains.swift in Sources */ = {isa = PBXBuildFile; fileRef = BE5748C52AA33557001E54C6 /* String+FuzzyContains.swift */; };
		BE5748C92AA3375F001E54C6 /* HWSChallenge05_ObjC.m in Sources */ = {isa = PBXBuildFile; fileRef = BE5748C82AA3375F001E54C6 /* HWSChallenge05_ObjC.m */; };
		BE5748CB2AA33CF2001E54C6 /* HWSChallenge05_Swift.swift in Sources */ = {isa = PBXBuildFile; fileRef = BE5748CA2AA33CF2001E54C6 /* HWSChallenge05_Swift.swift */; };
		BE5748CE2AA3511E001E54C6 /* HWSChallenge06_ObjC.m in Sources */ = {isa = PBXBuildFile; fileRef = BE5748CD2AA3511E001E54C6 /* HWSChallenge06_ObjC.m */; };
		BE5748D02AA35B2F001E54C6 /* HWSChallenge06_Swift.swift in Sources */ = {isa = PBXBuildFile; fileRef = BE5748CF2AA35B2F001E54C6 /* HWSChallenge06_Swift.swift */; };
		BE5748D32AA35E42001E54C6 /* HWSChallenge07_ObjC.m in Sources */ = {isa = PBXBuildFile; fileRef = BE5748D22AA35E42001E54C6 /* HWSChallenge07_ObjC.m */; };
		BE5748D52AA36E6E001E54C6 /* HWSChallenge07_Swift.swift in Sources */ = {isa = PBXBuildFile; fileRef = BE5748D42AA36E6E001E54C6 /* HWSChallenge07_Swift.swift */; };
		BE7A72902AA87C3300FF1337 /* HWSChallenge12_Swift.swift in Sources */ = {isa = PBXBuildFile; fileRef = BE7A728F2AA87C3300FF1337 /* HWSChallenge12_Swift.swift */; };
		BE7A72932AA8853E00FF1337 /* HWSChallenge13_ObjC.m in Sources */ = {isa = PBXBuildFile; fileRef = BE7A72922AA8853E00FF1337 /* HWSChallenge13_ObjC.m */; };
		BE7A72952AA8907100FF1337 /* HWSChallenge13_Swift.swift in Sources */ = {isa = PBXBuildFile; fileRef = BE7A72942AA8907100FF1337 /* HWSChallenge13_Swift.swift */; };
		BE7A72982AA8942700FF1337 /* HWSChallenge14_ObjC.m in Sources */ = {isa = PBXBuildFile; fileRef = BE7A72972AA8942700FF1337 /* HWSChallenge14_ObjC.m */; };
		BE7A729A2AA8A11E00FF1337 /* HWSChallenge14_Swift.swift in Sources */ = {isa = PBXBuildFile; fileRef = BE7A72992AA8A11E00FF1337 /* HWSChallenge14_Swift.swift */; };
		BE7A729D2AA8A5EF00FF1337 /* HWSChallenge15_ObjC.m in Sources */ = {isa = PBXBuildFile; fileRef = BE7A729C2AA8A5EF00FF1337 /* HWSChallenge15_ObjC.m */; };
		BE7A729F2AA8AFAB00FF1337 /* HWSChallenge15_Swift.swift in Sources */ = {isa = PBXBuildFile; fileRef = BE7A729E2AA8AFAB00FF1337 /* HWSChallenge15_Swift.swift */; };
		BE7A72A22AA9B54100FF1337 /* HWSChallenge18_ObjC.m in Sources */ = {isa = PBXBuildFile; fileRef = BE7A72A12AA9B54100FF1337 /* HWSChallenge18_ObjC.m */; };
		BE7A72A42AA9B7D000FF1337 /* HWSChallenge18_Swift.swift in Sources */ = {isa = PBXBuildFile; fileRef = BE7A72A32AA9B7D000FF1337 /* HWSChallenge18_Swift.swift */; };
		BE7A72A72AA9BABF00FF1337 /* HWSChallenge16_ObjC.m in Sources */ = {isa = PBXBuildFile; fileRef = BE7A72A62AA9BABF00FF1337 /* HWSChallenge16_ObjC.m */; };
		BE7A72A92AA9BD7B00FF1337 /* HWSChallenge16_Swift.swift in Sources */ = {isa = PBXBuildFile; fileRef = BE7A72A82AA9BD7B00FF1337 /* HWSChallenge16_Swift.swift */; };
		BE7A72AC2AA9BF4500FF1337 /* HWSChallenge19_ObjC.m in Sources */ = {isa = PBXBuildFile; fileRef = BE7A72AB2AA9BF4500FF1337 /* HWSChallenge19_ObjC.m */; };
		BE7A72AE2AA9CC1D00FF1337 /* HWSChallenge19_Swift.swift in Sources */ = {isa = PBXBuildFile; fileRef = BE7A72AD2AA9CC1D00FF1337 /* HWSChallenge19_Swift.swift */; };
		BE8E06322AA4B9F200D03150 /* HWSChallenge08_ObjC.m in Sources */ = {isa = PBXBuildFile; fileRef = BE8E06312AA4B9F200D03150 /* HWSChallenge08_ObjC.m */; };
		BE8E06342AA4BDA500D03150 /* HWSChallenge08_Swift.swift in Sources */ = {isa = PBXBuildFile; fileRef = BE8E06332AA4BDA500D03150 /* HWSChallenge08_Swift.swift */; };
		BE8E06372AA4BECA00D03150 /* HWSChallenge09_ObjC.m in Sources */ = {isa = PBXBuildFile; fileRef = BE8E06362AA4BECA00D03150 /* HWSChallenge09_ObjC.m */; };
		BE8E06392AA4C26400D03150 /* HWSChallenge09_Swift.swift in Sources */ = {isa = PBXBuildFile; fileRef = BE8E06382AA4C26400D03150 /* HWSChallenge09_Swift.swift */; };
		BEBA1E722A9DF99400F8815F /* main.m in Sources */ = {isa = PBXBuildFile; fileRef = BEBA1E712A9DF99400F8815F /* main.m */; };
		BEBA1E822A9E007200F8815F /* NPChallengeSolver.m in Sources */ = {isa = PBXBuildFile; fileRef = BEBA1E812A9E007200F8815F /* NPChallengeSolver.m */; };
		BEBA1E862A9E04E200F8815F /* HWSChallenge01a_Swift.swift in Sources */ = {isa = PBXBuildFile; fileRef = BEBA1E852A9E04E200F8815F /* HWSChallenge01a_Swift.swift */; };
		BEBA1E8C2A9F1ECA00F8815F /* HWSChallenge01b_Swift.swift in Sources */ = {isa = PBXBuildFile; fileRef = BEBA1E8B2A9F1ECA00F8815F /* HWSChallenge01b_Swift.swift */; };
		BEBA1E8F2A9F2EC700F8815F /* HWSChallenge01_ObjC.m in Sources */ = {isa = PBXBuildFile; fileRef = BEBA1E8E2A9F2EC700F8815F /* HWSChallenge01_ObjC.m */; };
		BEBA1E922A9F485600F8815F /* HWSChallenge02_ObjC.m in Sources */ = {isa = PBXBuildFile; fileRef = BEBA1E912A9F485600F8815F /* HWSChallenge02_ObjC.m */; };
		BEBA1E942A9F4B1200F8815F /* HWSChallenge02_Swift.swift in Sources */ = {isa = PBXBuildFile; fileRef = BEBA1E932A9F4B1200F8815F /* HWSChallenge02_Swift.swift */; };
		BECA1DF52A9FCD380066F994 /* HWSChallenge17_ObjC.m in Sources */ = {isa = PBXBuildFile; fileRef = BECA1DF42A9FCD380066F994 /* HWSChallenge17_ObjC.m */; };
		BECA1DF72A9FD71A0066F994 /* HWSChallenge17_Swift.swift in Sources */ = {isa = PBXBuildFile; fileRef = BECA1DF62A9FD71A0066F994 /* HWSChallenge17_Swift.swift */; };
/* End PBXBuildFile section */

/* Begin PBXCopyFilesBuildPhase section */
		BEBA1E6C2A9DF99400F8815F /* CopyFiles */ = {
			isa = PBXCopyFilesBuildPhase;
			buildActionMask = 2147483647;
			dstPath = /usr/share/man/man1/;
			dstSubfolderSpec = 0;
			files = (
			);
			runOnlyForDeploymentPostprocessing = 1;
		};
/* End PBXCopyFilesBuildPhase section */

/* Begin PBXFileReference section */
		BE3278E72AACC91900A3BA84 /* HWSChallenge20_ObjC.h */ = {isa = PBXFileReference; lastKnownFileType = sourcecode.c.h; path = HWSChallenge20_ObjC.h; sourceTree = "<group>"; };
		BE3278E82AACC91900A3BA84 /* HWSChallenge20_ObjC.m */ = {isa = PBXFileReference; lastKnownFileType = sourcecode.c.objc; path = HWSChallenge20_ObjC.m; sourceTree = "<group>"; };
		BE3278EA2AACEBF200A3BA84 /* HWSChallenge20_Swift.swift */ = {isa = PBXFileReference; lastKnownFileType = sourcecode.swift; path = HWSChallenge20_Swift.swift; sourceTree = "<group>"; };
		BE3278EC2AAD044E00A3BA84 /* HWSChallenge21_ObjC.h */ = {isa = PBXFileReference; lastKnownFileType = sourcecode.c.h; path = HWSChallenge21_ObjC.h; sourceTree = "<group>"; };
		BE3278ED2AAD044E00A3BA84 /* HWSChallenge21_ObjC.m */ = {isa = PBXFileReference; lastKnownFileType = sourcecode.c.objc; path = HWSChallenge21_ObjC.m; sourceTree = "<group>"; };
		BE473ACB2AA5CE4000F4FEFF /* HWSChallenge10_ObjC.h */ = {isa = PBXFileReference; lastKnownFileType = sourcecode.c.h; path = HWSChallenge10_ObjC.h; sourceTree = "<group>"; };
		BE473ACC2AA5CE4000F4FEFF /* HWSChallenge10_ObjC.m */ = {isa = PBXFileReference; lastKnownFileType = sourcecode.c.objc; path = HWSChallenge10_ObjC.m; sourceTree = "<group>"; };
		BE473ACE2AA5D44500F4FEFF /* HWSChallenge10_Swift.swift */ = {isa = PBXFileReference; lastKnownFileType = sourcecode.swift; path = HWSChallenge10_Swift.swift; sourceTree = "<group>"; };
		BE473AD02AA5DB4700F4FEFF /* HWSChallenge11_ObjC.h */ = {isa = PBXFileReference; lastKnownFileType = sourcecode.c.h; path = HWSChallenge11_ObjC.h; sourceTree = "<group>"; };
		BE473AD12AA5DB4700F4FEFF /* HWSChallenge11_ObjC.m */ = {isa = PBXFileReference; lastKnownFileType = sourcecode.c.objc; path = HWSChallenge11_ObjC.m; sourceTree = "<group>"; };
		BE473AD32AA5F7EB00F4FEFF /* HWSChallenge11_Swift.swift */ = {isa = PBXFileReference; lastKnownFileType = sourcecode.swift; path = HWSChallenge11_Swift.swift; sourceTree = "<group>"; };
		BE473AD52AA789CA00F4FEFF /* HWSChallenge12_ObjC.h */ = {isa = PBXFileReference; lastKnownFileType = sourcecode.c.h; path = HWSChallenge12_ObjC.h; sourceTree = "<group>"; };
		BE473AD62AA789CA00F4FEFF /* HWSChallenge12_ObjC.m */ = {isa = PBXFileReference; lastKnownFileType = sourcecode.c.objc; path = HWSChallenge12_ObjC.m; sourceTree = "<group>"; };
		BE5748B22AA277B5001E54C6 /* HWSChallenge03_ObjC.h */ = {isa = PBXFileReference; lastKnownFileType = sourcecode.c.h; path = HWSChallenge03_ObjC.h; sourceTree = "<group>"; };
		BE5748B32AA277B5001E54C6 /* HWSChallenge03_ObjC.m */ = {isa = PBXFileReference; lastKnownFileType = sourcecode.c.objc; path = HWSChallenge03_ObjC.m; sourceTree = "<group>"; };
		BE5748B52AA32781001E54C6 /* HWSChallenge03_Swift.swift */ = {isa = PBXFileReference; lastKnownFileType = sourcecode.swift; path = HWSChallenge03_Swift.swift; sourceTree = "<group>"; };
		BE5748B72AA32A03001E54C6 /* HWSChallenges.h */ = {isa = PBXFileReference; lastKnownFileType = sourcecode.c.h; path = HWSChallenges.h; sourceTree = "<group>"; };
		BE5748BA2AA32B07001E54C6 /* HWSChallenge04_ObjC.h */ = {isa = PBXFileReference; lastKnownFileType = sourcecode.c.h; path = HWSChallenge04_ObjC.h; sourceTree = "<group>"; };
		BE5748BB2AA32B07001E54C6 /* HWSChallenge04_ObjC.m */ = {isa = PBXFileReference; lastKnownFileType = sourcecode.c.objc; path = HWSChallenge04_ObjC.m; sourceTree = "<group>"; };
		BE5748BF2AA32CD3001E54C6 /* NSString+FuzzyContains.h */ = {isa = PBXFileReference; lastKnownFileType = sourcecode.c.h; path = "NSString+FuzzyContains.h"; sourceTree = "<group>"; };
		BE5748C02AA32CD3001E54C6 /* NSString+FuzzyContains.m */ = {isa = PBXFileReference; lastKnownFileType = sourcecode.c.objc; path = "NSString+FuzzyContains.m"; sourceTree = "<group>"; };
		BE5748C22AA334E8001E54C6 /* HWSChallenge04_Swift.swift */ = {isa = PBXFileReference; lastKnownFileType = sourcecode.swift; path = HWSChallenge04_Swift.swift; sourceTree = "<group>"; };
		BE5748C52AA33557001E54C6 /* String+FuzzyContains.swift */ = {isa = PBXFileReference; lastKnownFileType = sourcecode.swift; path = "String+FuzzyContains.swift"; sourceTree = "<group>"; };
		BE5748C72AA3375F001E54C6 /* HWSChallenge05_ObjC.h */ = {isa = PBXFileReference; lastKnownFileType = sourcecode.c.h; path = HWSChallenge05_ObjC.h; sourceTree = "<group>"; };
		BE5748C82AA3375F001E54C6 /* HWSChallenge05_ObjC.m */ = {isa = PBXFileReference; lastKnownFileType = sourcecode.c.objc; path = HWSChallenge05_ObjC.m; sourceTree = "<group>"; };
		BE5748CA2AA33CF2001E54C6 /* HWSChallenge05_Swift.swift */ = {isa = PBXFileReference; lastKnownFileType = sourcecode.swift; path = HWSChallenge05_Swift.swift; sourceTree = "<group>"; };
		BE5748CC2AA3511E001E54C6 /* HWSChallenge06_ObjC.h */ = {isa = PBXFileReference; lastKnownFileType = sourcecode.c.h; path = HWSChallenge06_ObjC.h; sourceTree = "<group>"; };
		BE5748CD2AA3511E001E54C6 /* HWSChallenge06_ObjC.m */ = {isa = PBXFileReference; lastKnownFileType = sourcecode.c.objc; path = HWSChallenge06_ObjC.m; sourceTree = "<group>"; };
		BE5748CF2AA35B2F001E54C6 /* HWSChallenge06_Swift.swift */ = {isa = PBXFileReference; lastKnownFileType = sourcecode.swift; path = HWSChallenge06_Swift.swift; sourceTree = "<group>"; };
		BE5748D12AA35E42001E54C6 /* HWSChallenge07_ObjC.h */ = {isa = PBXFileReference; lastKnownFileType = sourcecode.c.h; path = HWSChallenge07_ObjC.h; sourceTree = "<group>"; };
		BE5748D22AA35E42001E54C6 /* HWSChallenge07_ObjC.m */ = {isa = PBXFileReference; lastKnownFileType = sourcecode.c.objc; path = HWSChallenge07_ObjC.m; sourceTree = "<group>"; };
		BE5748D42AA36E6E001E54C6 /* HWSChallenge07_Swift.swift */ = {isa = PBXFileReference; lastKnownFileType = sourcecode.swift; path = HWSChallenge07_Swift.swift; sourceTree = "<group>"; };
		BE7A728F2AA87C3300FF1337 /* HWSChallenge12_Swift.swift */ = {isa = PBXFileReference; lastKnownFileType = sourcecode.swift; path = HWSChallenge12_Swift.swift; sourceTree = "<group>"; };
		BE7A72912AA8853E00FF1337 /* HWSChallenge13_ObjC.h */ = {isa = PBXFileReference; lastKnownFileType = sourcecode.c.h; path = HWSChallenge13_ObjC.h; sourceTree = "<group>"; };
		BE7A72922AA8853E00FF1337 /* HWSChallenge13_ObjC.m */ = {isa = PBXFileReference; lastKnownFileType = sourcecode.c.objc; path = HWSChallenge13_ObjC.m; sourceTree = "<group>"; };
		BE7A72942AA8907100FF1337 /* HWSChallenge13_Swift.swift */ = {isa = PBXFileReference; lastKnownFileType = sourcecode.swift; path = HWSChallenge13_Swift.swift; sourceTree = "<group>"; };
		BE7A72962AA8942700FF1337 /* HWSChallenge14_ObjC.h */ = {isa = PBXFileReference; lastKnownFileType = sourcecode.c.h; path = HWSChallenge14_ObjC.h; sourceTree = "<group>"; };
		BE7A72972AA8942700FF1337 /* HWSChallenge14_ObjC.m */ = {isa = PBXFileReference; lastKnownFileType = sourcecode.c.objc; path = HWSChallenge14_ObjC.m; sourceTree = "<group>"; };
		BE7A72992AA8A11E00FF1337 /* HWSChallenge14_Swift.swift */ = {isa = PBXFileReference; lastKnownFileType = sourcecode.swift; path = HWSChallenge14_Swift.swift; sourceTree = "<group>"; };
		BE7A729B2AA8A5EF00FF1337 /* HWSChallenge15_ObjC.h */ = {isa = PBXFileReference; lastKnownFileType = sourcecode.c.h; path = HWSChallenge15_ObjC.h; sourceTree = "<group>"; };
		BE7A729C2AA8A5EF00FF1337 /* HWSChallenge15_ObjC.m */ = {isa = PBXFileReference; lastKnownFileType = sourcecode.c.objc; path = HWSChallenge15_ObjC.m; sourceTree = "<group>"; };
		BE7A729E2AA8AFAB00FF1337 /* HWSChallenge15_Swift.swift */ = {isa = PBXFileReference; lastKnownFileType = sourcecode.swift; path = HWSChallenge15_Swift.swift; sourceTree = "<group>"; };
		BE7A72A02AA9B54100FF1337 /* HWSChallenge18_ObjC.h */ = {isa = PBXFileReference; lastKnownFileType = sourcecode.c.h; path = HWSChallenge18_ObjC.h; sourceTree = "<group>"; };
		BE7A72A12AA9B54100FF1337 /* HWSChallenge18_ObjC.m */ = {isa = PBXFileReference; lastKnownFileType = sourcecode.c.objc; path = HWSChallenge18_ObjC.m; sourceTree = "<group>"; };
		BE7A72A32AA9B7D000FF1337 /* HWSChallenge18_Swift.swift */ = {isa = PBXFileReference; lastKnownFileType = sourcecode.swift; path = HWSChallenge18_Swift.swift; sourceTree = "<group>"; };
		BE7A72A52AA9BABF00FF1337 /* HWSChallenge16_ObjC.h */ = {isa = PBXFileReference; lastKnownFileType = sourcecode.c.h; path = HWSChallenge16_ObjC.h; sourceTree = "<group>"; };
		BE7A72A62AA9BABF00FF1337 /* HWSChallenge16_ObjC.m */ = {isa = PBXFileReference; lastKnownFileType = sourcecode.c.objc; path = HWSChallenge16_ObjC.m; sourceTree = "<group>"; };
		BE7A72A82AA9BD7B00FF1337 /* HWSChallenge16_Swift.swift */ = {isa = PBXFileReference; lastKnownFileType = sourcecode.swift; path = HWSChallenge16_Swift.swift; sourceTree = "<group>"; };
		BE7A72AA2AA9BF4500FF1337 /* HWSChallenge19_ObjC.h */ = {isa = PBXFileReference; lastKnownFileType = sourcecode.c.h; path = HWSChallenge19_ObjC.h; sourceTree = "<group>"; };
		BE7A72AB2AA9BF4500FF1337 /* HWSChallenge19_ObjC.m */ = {isa = PBXFileReference; lastKnownFileType = sourcecode.c.objc; path = HWSChallenge19_ObjC.m; sourceTree = "<group>"; };
		BE7A72AD2AA9CC1D00FF1337 /* HWSChallenge19_Swift.swift */ = {isa = PBXFileReference; lastKnownFileType = sourcecode.swift; path = HWSChallenge19_Swift.swift; sourceTree = "<group>"; };
		BE8E06302AA4B9F200D03150 /* HWSChallenge08_ObjC.h */ = {isa = PBXFileReference; lastKnownFileType = sourcecode.c.h; path = HWSChallenge08_ObjC.h; sourceTree = "<group>"; };
		BE8E06312AA4B9F200D03150 /* HWSChallenge08_ObjC.m */ = {isa = PBXFileReference; lastKnownFileType = sourcecode.c.objc; path = HWSChallenge08_ObjC.m; sourceTree = "<group>"; };
		BE8E06332AA4BDA500D03150 /* HWSChallenge08_Swift.swift */ = {isa = PBXFileReference; lastKnownFileType = sourcecode.swift; path = HWSChallenge08_Swift.swift; sourceTree = "<group>"; };
		BE8E06352AA4BECA00D03150 /* HWSChallenge09_ObjC.h */ = {isa = PBXFileReference; lastKnownFileType = sourcecode.c.h; path = HWSChallenge09_ObjC.h; sourceTree = "<group>"; };
		BE8E06362AA4BECA00D03150 /* HWSChallenge09_ObjC.m */ = {isa = PBXFileReference; lastKnownFileType = sourcecode.c.objc; path = HWSChallenge09_ObjC.m; sourceTree = "<group>"; };
		BE8E06382AA4C26400D03150 /* HWSChallenge09_Swift.swift */ = {isa = PBXFileReference; lastKnownFileType = sourcecode.swift; path = HWSChallenge09_Swift.swift; sourceTree = "<group>"; };
		BEBA1E6E2A9DF99400F8815F /* Challenges */ = {isa = PBXFileReference; explicitFileType = "compiled.mach-o.executable"; includeInIndex = 0; path = Challenges; sourceTree = BUILT_PRODUCTS_DIR; };
		BEBA1E712A9DF99400F8815F /* main.m */ = {isa = PBXFileReference; lastKnownFileType = sourcecode.c.objc; path = main.m; sourceTree = "<group>"; };
		BEBA1E802A9E007200F8815F /* NPChallengeSolver.h */ = {isa = PBXFileReference; lastKnownFileType = sourcecode.c.h; path = NPChallengeSolver.h; sourceTree = "<group>"; };
		BEBA1E812A9E007200F8815F /* NPChallengeSolver.m */ = {isa = PBXFileReference; lastKnownFileType = sourcecode.c.objc; path = NPChallengeSolver.m; sourceTree = "<group>"; };
		BEBA1E832A9E009F00F8815F /* NPChallenge.h */ = {isa = PBXFileReference; lastKnownFileType = sourcecode.c.h; path = NPChallenge.h; sourceTree = "<group>"; };
		BEBA1E842A9E04E100F8815F /* Challenges-Bridging-Header.h */ = {isa = PBXFileReference; lastKnownFileType = sourcecode.c.h; path = "Challenges-Bridging-Header.h"; sourceTree = "<group>"; };
		BEBA1E852A9E04E200F8815F /* HWSChallenge01a_Swift.swift */ = {isa = PBXFileReference; lastKnownFileType = sourcecode.swift; path = HWSChallenge01a_Swift.swift; sourceTree = "<group>"; };
		BEBA1E8B2A9F1ECA00F8815F /* HWSChallenge01b_Swift.swift */ = {isa = PBXFileReference; lastKnownFileType = sourcecode.swift; path = HWSChallenge01b_Swift.swift; sourceTree = "<group>"; };
		BEBA1E8D2A9F2EC700F8815F /* HWSChallenge01_ObjC.h */ = {isa = PBXFileReference; lastKnownFileType = sourcecode.c.h; path = HWSChallenge01_ObjC.h; sourceTree = "<group>"; };
		BEBA1E8E2A9F2EC700F8815F /* HWSChallenge01_ObjC.m */ = {isa = PBXFileReference; lastKnownFileType = sourcecode.c.objc; path = HWSChallenge01_ObjC.m; sourceTree = "<group>"; };
		BEBA1E902A9F485600F8815F /* HWSChallenge02_ObjC.h */ = {isa = PBXFileReference; lastKnownFileType = sourcecode.c.h; path = HWSChallenge02_ObjC.h; sourceTree = "<group>"; };
		BEBA1E912A9F485600F8815F /* HWSChallenge02_ObjC.m */ = {isa = PBXFileReference; lastKnownFileType = sourcecode.c.objc; path = HWSChallenge02_ObjC.m; sourceTree = "<group>"; };
		BEBA1E932A9F4B1200F8815F /* HWSChallenge02_Swift.swift */ = {isa = PBXFileReference; lastKnownFileType = sourcecode.swift; path = HWSChallenge02_Swift.swift; sourceTree = "<group>"; };
		BECA1DF32A9FCD380066F994 /* HWSChallenge17_ObjC.h */ = {isa = PBXFileReference; lastKnownFileType = sourcecode.c.h; path = HWSChallenge17_ObjC.h; sourceTree = "<group>"; };
		BECA1DF42A9FCD380066F994 /* HWSChallenge17_ObjC.m */ = {isa = PBXFileReference; lastKnownFileType = sourcecode.c.objc; path = HWSChallenge17_ObjC.m; sourceTree = "<group>"; };
		BECA1DF62A9FD71A0066F994 /* HWSChallenge17_Swift.swift */ = {isa = PBXFileReference; lastKnownFileType = sourcecode.swift; path = HWSChallenge17_Swift.swift; sourceTree = "<group>"; };
/* End PBXFileReference section */

/* Begin PBXFrameworksBuildPhase section */
		BEBA1E6B2A9DF99400F8815F /* Frameworks */ = {
			isa = PBXFrameworksBuildPhase;
			buildActionMask = 2147483647;
			files = (
			);
			runOnlyForDeploymentPostprocessing = 0;
		};
/* End PBXFrameworksBuildPhase section */

/* Begin PBXGroup section */
		BE5748BD2AA32BBD001E54C6 /* HWSChallenge04 */ = {
			isa = PBXGroup;
			children = (
				BE5748BF2AA32CD3001E54C6 /* NSString+FuzzyContains.h */,
				BE5748C02AA32CD3001E54C6 /* NSString+FuzzyContains.m */,
			);
			path = HWSChallenge04;
			sourceTree = "<group>";
		};
		BE5748C42AA3352C001E54C6 /* HWSChallenge04 */ = {
			isa = PBXGroup;
			children = (
				BE5748C52AA33557001E54C6 /* String+FuzzyContains.swift */,
			);
			path = HWSChallenge04;
			sourceTree = "<group>";
		};
		BEBA1E652A9DF99400F8815F = {
			isa = PBXGroup;
			children = (
				BEBA1E702A9DF99400F8815F /* Challenges */,
				BEBA1E6F2A9DF99400F8815F /* Products */,
			);
			sourceTree = "<group>";
		};
		BEBA1E6F2A9DF99400F8815F /* Products */ = {
			isa = PBXGroup;
			children = (
				BEBA1E6E2A9DF99400F8815F /* Challenges */,
			);
			name = Products;
			sourceTree = "<group>";
		};
		BEBA1E702A9DF99400F8815F /* Challenges */ = {
			isa = PBXGroup;
			children = (
				BEBA1E792A9DFAB200F8815F /* Common */,
				BEBA1E782A9DFA4400F8815F /* HWS */,
				BEBA1E712A9DF99400F8815F /* main.m */,
			);
			path = Challenges;
			sourceTree = "<group>";
		};
		BEBA1E782A9DFA4400F8815F /* HWS */ = {
			isa = PBXGroup;
			children = (
				BEBA1E872A9E060900F8815F /* ObjC */,
				BEBA1E882A9E061000F8815F /* Swift */,
			);
			path = HWS;
			sourceTree = "<group>";
		};
		BEBA1E792A9DFAB200F8815F /* Common */ = {
			isa = PBXGroup;
			children = (
				BEBA1E842A9E04E100F8815F /* Challenges-Bridging-Header.h */,
				BEBA1E802A9E007200F8815F /* NPChallengeSolver.h */,
				BEBA1E812A9E007200F8815F /* NPChallengeSolver.m */,
				BEBA1E832A9E009F00F8815F /* NPChallenge.h */,
			);
			path = Common;
			sourceTree = "<group>";
		};
		BEBA1E872A9E060900F8815F /* ObjC */ = {
			isa = PBXGroup;
			children = (
				BEBA1E8D2A9F2EC700F8815F /* HWSChallenge01_ObjC.h */,
				BEBA1E8E2A9F2EC700F8815F /* HWSChallenge01_ObjC.m */,
				BEBA1E902A9F485600F8815F /* HWSChallenge02_ObjC.h */,
				BEBA1E912A9F485600F8815F /* HWSChallenge02_ObjC.m */,
				BE5748B22AA277B5001E54C6 /* HWSChallenge03_ObjC.h */,
				BE5748B32AA277B5001E54C6 /* HWSChallenge03_ObjC.m */,
				BE5748BD2AA32BBD001E54C6 /* HWSChallenge04 */,
				BE5748BA2AA32B07001E54C6 /* HWSChallenge04_ObjC.h */,
				BE5748BB2AA32B07001E54C6 /* HWSChallenge04_ObjC.m */,
				BE5748C72AA3375F001E54C6 /* HWSChallenge05_ObjC.h */,
				BE5748C82AA3375F001E54C6 /* HWSChallenge05_ObjC.m */,
				BE5748CC2AA3511E001E54C6 /* HWSChallenge06_ObjC.h */,
				BE5748CD2AA3511E001E54C6 /* HWSChallenge06_ObjC.m */,
				BE5748D12AA35E42001E54C6 /* HWSChallenge07_ObjC.h */,
				BE5748D22AA35E42001E54C6 /* HWSChallenge07_ObjC.m */,
				BE8E06302AA4B9F200D03150 /* HWSChallenge08_ObjC.h */,
				BE8E06312AA4B9F200D03150 /* HWSChallenge08_ObjC.m */,
				BE8E06352AA4BECA00D03150 /* HWSChallenge09_ObjC.h */,
				BE8E06362AA4BECA00D03150 /* HWSChallenge09_ObjC.m */,
				BE473ACB2AA5CE4000F4FEFF /* HWSChallenge10_ObjC.h */,
				BE473ACC2AA5CE4000F4FEFF /* HWSChallenge10_ObjC.m */,
				BE473AD02AA5DB4700F4FEFF /* HWSChallenge11_ObjC.h */,
				BE473AD12AA5DB4700F4FEFF /* HWSChallenge11_ObjC.m */,
				BE473AD52AA789CA00F4FEFF /* HWSChallenge12_ObjC.h */,
				BE473AD62AA789CA00F4FEFF /* HWSChallenge12_ObjC.m */,
				BE7A72912AA8853E00FF1337 /* HWSChallenge13_ObjC.h */,
				BE7A72922AA8853E00FF1337 /* HWSChallenge13_ObjC.m */,
				BE7A72962AA8942700FF1337 /* HWSChallenge14_ObjC.h */,
				BE7A72972AA8942700FF1337 /* HWSChallenge14_ObjC.m */,
				BE7A729B2AA8A5EF00FF1337 /* HWSChallenge15_ObjC.h */,
				BE7A729C2AA8A5EF00FF1337 /* HWSChallenge15_ObjC.m */,
				BE7A72A52AA9BABF00FF1337 /* HWSChallenge16_ObjC.h */,
				BE7A72A62AA9BABF00FF1337 /* HWSChallenge16_ObjC.m */,
				BECA1DF32A9FCD380066F994 /* HWSChallenge17_ObjC.h */,
				BECA1DF42A9FCD380066F994 /* HWSChallenge17_ObjC.m */,
				BE7A72A02AA9B54100FF1337 /* HWSChallenge18_ObjC.h */,
				BE7A72A12AA9B54100FF1337 /* HWSChallenge18_ObjC.m */,
				BE7A72AA2AA9BF4500FF1337 /* HWSChallenge19_ObjC.h */,
				BE7A72AB2AA9BF4500FF1337 /* HWSChallenge19_ObjC.m */,
				BE3278E72AACC91900A3BA84 /* HWSChallenge20_ObjC.h */,
				BE3278E82AACC91900A3BA84 /* HWSChallenge20_ObjC.m */,
				BE3278EC2AAD044E00A3BA84 /* HWSChallenge21_ObjC.h */,
				BE3278ED2AAD044E00A3BA84 /* HWSChallenge21_ObjC.m */,
				BE5748B72AA32A03001E54C6 /* HWSChallenges.h */,
			);
			path = ObjC;
			sourceTree = "<group>";
		};
		BEBA1E882A9E061000F8815F /* Swift */ = {
			isa = PBXGroup;
			children = (
				BEBA1E852A9E04E200F8815F /* HWSChallenge01a_Swift.swift */,
				BEBA1E8B2A9F1ECA00F8815F /* HWSChallenge01b_Swift.swift */,
				BEBA1E932A9F4B1200F8815F /* HWSChallenge02_Swift.swift */,
				BE5748B52AA32781001E54C6 /* HWSChallenge03_Swift.swift */,
				BE5748C42AA3352C001E54C6 /* HWSChallenge04 */,
				BE5748C22AA334E8001E54C6 /* HWSChallenge04_Swift.swift */,
				BE5748CA2AA33CF2001E54C6 /* HWSChallenge05_Swift.swift */,
				BE5748CF2AA35B2F001E54C6 /* HWSChallenge06_Swift.swift */,
				BE5748D42AA36E6E001E54C6 /* HWSChallenge07_Swift.swift */,
				BE8E06332AA4BDA500D03150 /* HWSChallenge08_Swift.swift */,
				BE8E06382AA4C26400D03150 /* HWSChallenge09_Swift.swift */,
				BE473ACE2AA5D44500F4FEFF /* HWSChallenge10_Swift.swift */,
				BE473AD32AA5F7EB00F4FEFF /* HWSChallenge11_Swift.swift */,
				BE7A728F2AA87C3300FF1337 /* HWSChallenge12_Swift.swift */,
				BE7A72942AA8907100FF1337 /* HWSChallenge13_Swift.swift */,
				BE7A72992AA8A11E00FF1337 /* HWSChallenge14_Swift.swift */,
				BE7A729E2AA8AFAB00FF1337 /* HWSChallenge15_Swift.swift */,
				BE7A72A82AA9BD7B00FF1337 /* HWSChallenge16_Swift.swift */,
				BECA1DF62A9FD71A0066F994 /* HWSChallenge17_Swift.swift */,
				BE7A72A32AA9B7D000FF1337 /* HWSChallenge18_Swift.swift */,
				BE7A72AD2AA9CC1D00FF1337 /* HWSChallenge19_Swift.swift */,
				BE3278EA2AACEBF200A3BA84 /* HWSChallenge20_Swift.swift */,
			);
			path = Swift;
			sourceTree = "<group>";
		};
/* End PBXGroup section */

/* Begin PBXNativeTarget section */
		BEBA1E6D2A9DF99400F8815F /* Challenges */ = {
			isa = PBXNativeTarget;
			buildConfigurationList = BEBA1E752A9DF99400F8815F /* Build configuration list for PBXNativeTarget "Challenges" */;
			buildPhases = (
				BEBA1E6A2A9DF99400F8815F /* Sources */,
				BEBA1E6B2A9DF99400F8815F /* Frameworks */,
				BEBA1E6C2A9DF99400F8815F /* CopyFiles */,
			);
			buildRules = (
			);
			dependencies = (
			);
			name = Challenges;
			productName = Challenges;
			productReference = BEBA1E6E2A9DF99400F8815F /* Challenges */;
			productType = "com.apple.product-type.tool";
		};
/* End PBXNativeTarget section */

/* Begin PBXProject section */
		BEBA1E662A9DF99400F8815F /* Project object */ = {
			isa = PBXProject;
			attributes = {
				BuildIndependentTargetsInParallel = 1;
				LastUpgradeCheck = 1430;
				TargetAttributes = {
					BEBA1E6D2A9DF99400F8815F = {
						CreatedOnToolsVersion = 14.3.1;
						LastSwiftMigration = 1430;
					};
				};
			};
			buildConfigurationList = BEBA1E692A9DF99400F8815F /* Build configuration list for PBXProject "Challenges" */;
			compatibilityVersion = "Xcode 14.0";
			developmentRegion = en;
			hasScannedForEncodings = 0;
			knownRegions = (
				en,
				Base,
			);
			mainGroup = BEBA1E652A9DF99400F8815F;
			productRefGroup = BEBA1E6F2A9DF99400F8815F /* Products */;
			projectDirPath = "";
			projectRoot = "";
			targets = (
				BEBA1E6D2A9DF99400F8815F /* Challenges */,
			);
		};
/* End PBXProject section */

/* Begin PBXSourcesBuildPhase section */
		BEBA1E6A2A9DF99400F8815F /* Sources */ = {
			isa = PBXSourcesBuildPhase;
			buildActionMask = 2147483647;
			files = (
				BE5748C32AA334E8001E54C6 /* HWSChallenge04_Swift.swift in Sources */,
				BE473AD72AA789CA00F4FEFF /* HWSChallenge12_ObjC.m in Sources */,
				BE5748C62AA33557001E54C6 /* String+FuzzyContains.swift in Sources */,
				BEBA1E722A9DF99400F8815F /* main.m in Sources */,
				BE8E06372AA4BECA00D03150 /* HWSChallenge09_ObjC.m in Sources */,
				BEBA1E8F2A9F2EC700F8815F /* HWSChallenge01_ObjC.m in Sources */,
				BE7A72932AA8853E00FF1337 /* HWSChallenge13_ObjC.m in Sources */,
				BE5748CE2AA3511E001E54C6 /* HWSChallenge06_ObjC.m in Sources */,
				BE5748CB2AA33CF2001E54C6 /* HWSChallenge05_Swift.swift in Sources */,
				BE7A72952AA8907100FF1337 /* HWSChallenge13_Swift.swift in Sources */,
				BE8E06322AA4B9F200D03150 /* HWSChallenge08_ObjC.m in Sources */,
				BECA1DF52A9FCD380066F994 /* HWSChallenge17_ObjC.m in Sources */,
				BE7A729D2AA8A5EF00FF1337 /* HWSChallenge15_ObjC.m in Sources */,
				BE5748D52AA36E6E001E54C6 /* HWSChallenge07_Swift.swift in Sources */,
				BE473ACF2AA5D44500F4FEFF /* HWSChallenge10_Swift.swift in Sources */,
				BE7A72A22AA9B54100FF1337 /* HWSChallenge18_ObjC.m in Sources */,
				BE7A72AC2AA9BF4500FF1337 /* HWSChallenge19_ObjC.m in Sources */,
				BE5748D02AA35B2F001E54C6 /* HWSChallenge06_Swift.swift in Sources */,
				BE473AD22AA5DB4700F4FEFF /* HWSChallenge11_ObjC.m in Sources */,
				BE7A72A42AA9B7D000FF1337 /* HWSChallenge18_Swift.swift in Sources */,
				BE7A72902AA87C3300FF1337 /* HWSChallenge12_Swift.swift in Sources */,
				BE7A72A92AA9BD7B00FF1337 /* HWSChallenge16_Swift.swift in Sources */,
				BE473ACD2AA5CE4000F4FEFF /* HWSChallenge10_ObjC.m in Sources */,
				BECA1DF72A9FD71A0066F994 /* HWSChallenge17_Swift.swift in Sources */,
				BE3278EB2AACEBF200A3BA84 /* HWSChallenge20_Swift.swift in Sources */,
				BE3278E92AACC91900A3BA84 /* HWSChallenge20_ObjC.m in Sources */,
				BE473AD42AA5F7EB00F4FEFF /* HWSChallenge11_Swift.swift in Sources */,
				BE7A729A2AA8A11E00FF1337 /* HWSChallenge14_Swift.swift in Sources */,
				BEBA1E942A9F4B1200F8815F /* HWSChallenge02_Swift.swift in Sources */,
				BE7A72A72AA9BABF00FF1337 /* HWSChallenge16_ObjC.m in Sources */,
				BE5748C92AA3375F001E54C6 /* HWSChallenge05_ObjC.m in Sources */,
				BE5748B62AA32781001E54C6 /* HWSChallenge03_Swift.swift in Sources */,
				BE5748C12AA32CD3001E54C6 /* NSString+FuzzyContains.m in Sources */,
				BE5748D32AA35E42001E54C6 /* HWSChallenge07_ObjC.m in Sources */,
				BE5748BC2AA32B07001E54C6 /* HWSChallenge04_ObjC.m in Sources */,
				BEBA1E8C2A9F1ECA00F8815F /* HWSChallenge01b_Swift.swift in Sources */,
				BE7A72982AA8942700FF1337 /* HWSChallenge14_ObjC.m in Sources */,
				BE3278EE2AAD044E00A3BA84 /* HWSChallenge21_ObjC.m in Sources */,
				BEBA1E922A9F485600F8815F /* HWSChallenge02_ObjC.m in Sources */,
				BE7A729F2AA8AFAB00FF1337 /* HWSChallenge15_Swift.swift in Sources */,
				BEBA1E862A9E04E200F8815F /* HWSChallenge01a_Swift.swift in Sources */,
				BEBA1E822A9E007200F8815F /* NPChallengeSolver.m in Sources */,
				BE8E06342AA4BDA500D03150 /* HWSChallenge08_Swift.swift in Sources */,
				BE7A72AE2AA9CC1D00FF1337 /* HWSChallenge19_Swift.swift in Sources */,
				BE5748B42AA277B5001E54C6 /* HWSChallenge03_ObjC.m in Sources */,
				BE8E06392AA4C26400D03150 /* HWSChallenge09_Swift.swift in Sources */,
			);
			runOnlyForDeploymentPostprocessing = 0;
		};
/* End PBXSourcesBuildPhase section */

/* Begin XCBuildConfiguration section */
		BEBA1E732A9DF99400F8815F /* Debug */ = {
			isa = XCBuildConfiguration;
			buildSettings = {
				ALWAYS_SEARCH_USER_PATHS = NO;
				CLANG_ANALYZER_NONNULL = YES;
				CLANG_ANALYZER_NUMBER_OBJECT_CONVERSION = YES_AGGRESSIVE;
				CLANG_CXX_LANGUAGE_STANDARD = "gnu++20";
				CLANG_ENABLE_MODULES = YES;
				CLANG_ENABLE_OBJC_ARC = YES;
				CLANG_ENABLE_OBJC_WEAK = YES;
				CLANG_WARN_BLOCK_CAPTURE_AUTORELEASING = YES;
				CLANG_WARN_BOOL_CONVERSION = YES;
				CLANG_WARN_COMMA = YES;
				CLANG_WARN_CONSTANT_CONVERSION = YES;
				CLANG_WARN_DEPRECATED_OBJC_IMPLEMENTATIONS = YES;
				CLANG_WARN_DIRECT_OBJC_ISA_USAGE = YES_ERROR;
				CLANG_WARN_DOCUMENTATION_COMMENTS = YES;
				CLANG_WARN_EMPTY_BODY = YES;
				CLANG_WARN_ENUM_CONVERSION = YES;
				CLANG_WARN_INFINITE_RECURSION = YES;
				CLANG_WARN_INT_CONVERSION = YES;
				CLANG_WARN_NON_LITERAL_NULL_CONVERSION = YES;
				CLANG_WARN_OBJC_IMPLICIT_RETAIN_SELF = YES;
				CLANG_WARN_OBJC_LITERAL_CONVERSION = YES;
				CLANG_WARN_OBJC_ROOT_CLASS = YES_ERROR;
				CLANG_WARN_QUOTED_INCLUDE_IN_FRAMEWORK_HEADER = YES;
				CLANG_WARN_RANGE_LOOP_ANALYSIS = YES;
				CLANG_WARN_STRICT_PROTOTYPES = YES;
				CLANG_WARN_SUSPICIOUS_MOVE = YES;
				CLANG_WARN_UNGUARDED_AVAILABILITY = YES_AGGRESSIVE;
				CLANG_WARN_UNREACHABLE_CODE = YES;
				CLANG_WARN__DUPLICATE_METHOD_MATCH = YES;
				COPY_PHASE_STRIP = NO;
				DEBUG_INFORMATION_FORMAT = dwarf;
				ENABLE_STRICT_OBJC_MSGSEND = YES;
				ENABLE_TESTABILITY = YES;
				GCC_C_LANGUAGE_STANDARD = gnu11;
				GCC_DYNAMIC_NO_PIC = NO;
				GCC_NO_COMMON_BLOCKS = YES;
				GCC_OPTIMIZATION_LEVEL = 0;
				GCC_PREPROCESSOR_DEFINITIONS = (
					"DEBUG=1",
					"$(inherited)",
				);
				GCC_WARN_64_TO_32_BIT_CONVERSION = YES;
				GCC_WARN_ABOUT_RETURN_TYPE = YES_ERROR;
				GCC_WARN_UNDECLARED_SELECTOR = YES;
				GCC_WARN_UNINITIALIZED_AUTOS = YES_AGGRESSIVE;
				GCC_WARN_UNUSED_FUNCTION = YES;
				GCC_WARN_UNUSED_VARIABLE = YES;
				MACOSX_DEPLOYMENT_TARGET = 13.3;
				MTL_ENABLE_DEBUG_INFO = INCLUDE_SOURCE;
				MTL_FAST_MATH = YES;
				ONLY_ACTIVE_ARCH = YES;
				SDKROOT = macosx;
			};
			name = Debug;
		};
		BEBA1E742A9DF99400F8815F /* Release */ = {
			isa = XCBuildConfiguration;
			buildSettings = {
				ALWAYS_SEARCH_USER_PATHS = NO;
				CLANG_ANALYZER_NONNULL = YES;
				CLANG_ANALYZER_NUMBER_OBJECT_CONVERSION = YES_AGGRESSIVE;
				CLANG_CXX_LANGUAGE_STANDARD = "gnu++20";
				CLANG_ENABLE_MODULES = YES;
				CLANG_ENABLE_OBJC_ARC = YES;
				CLANG_ENABLE_OBJC_WEAK = YES;
				CLANG_WARN_BLOCK_CAPTURE_AUTORELEASING = YES;
				CLANG_WARN_BOOL_CONVERSION = YES;
				CLANG_WARN_COMMA = YES;
				CLANG_WARN_CONSTANT_CONVERSION = YES;
				CLANG_WARN_DEPRECATED_OBJC_IMPLEMENTATIONS = YES;
				CLANG_WARN_DIRECT_OBJC_ISA_USAGE = YES_ERROR;
				CLANG_WARN_DOCUMENTATION_COMMENTS = YES;
				CLANG_WARN_EMPTY_BODY = YES;
				CLANG_WARN_ENUM_CONVERSION = YES;
				CLANG_WARN_INFINITE_RECURSION = YES;
				CLANG_WARN_INT_CONVERSION = YES;
				CLANG_WARN_NON_LITERAL_NULL_CONVERSION = YES;
				CLANG_WARN_OBJC_IMPLICIT_RETAIN_SELF = YES;
				CLANG_WARN_OBJC_LITERAL_CONVERSION = YES;
				CLANG_WARN_OBJC_ROOT_CLASS = YES_ERROR;
				CLANG_WARN_QUOTED_INCLUDE_IN_FRAMEWORK_HEADER = YES;
				CLANG_WARN_RANGE_LOOP_ANALYSIS = YES;
				CLANG_WARN_STRICT_PROTOTYPES = YES;
				CLANG_WARN_SUSPICIOUS_MOVE = YES;
				CLANG_WARN_UNGUARDED_AVAILABILITY = YES_AGGRESSIVE;
				CLANG_WARN_UNREACHABLE_CODE = YES;
				CLANG_WARN__DUPLICATE_METHOD_MATCH = YES;
				COPY_PHASE_STRIP = NO;
				DEBUG_INFORMATION_FORMAT = "dwarf-with-dsym";
				ENABLE_NS_ASSERTIONS = NO;
				ENABLE_STRICT_OBJC_MSGSEND = YES;
				GCC_C_LANGUAGE_STANDARD = gnu11;
				GCC_NO_COMMON_BLOCKS = YES;
				GCC_WARN_64_TO_32_BIT_CONVERSION = YES;
				GCC_WARN_ABOUT_RETURN_TYPE = YES_ERROR;
				GCC_WARN_UNDECLARED_SELECTOR = YES;
				GCC_WARN_UNINITIALIZED_AUTOS = YES_AGGRESSIVE;
				GCC_WARN_UNUSED_FUNCTION = YES;
				GCC_WARN_UNUSED_VARIABLE = YES;
				MACOSX_DEPLOYMENT_TARGET = 13.3;
				MTL_ENABLE_DEBUG_INFO = NO;
				MTL_FAST_MATH = YES;
				SDKROOT = macosx;
			};
			name = Release;
		};
		BEBA1E762A9DF99400F8815F /* Debug */ = {
			isa = XCBuildConfiguration;
			buildSettings = {
				CLANG_ENABLE_MODULES = YES;
				CODE_SIGN_STYLE = Automatic;
				DEVELOPMENT_TEAM = 62VPKU8FKF;
				ENABLE_HARDENED_RUNTIME = YES;
				PRODUCT_NAME = "$(TARGET_NAME)";
				RUN_CLANG_STATIC_ANALYZER = YES;
				SWIFT_OBJC_BRIDGING_HEADER = "Challenges/Common/Challenges-Bridging-Header.h";
				SWIFT_OPTIMIZATION_LEVEL = "-Onone";
				SWIFT_VERSION = 5.0;
			};
			name = Debug;
		};
		BEBA1E772A9DF99400F8815F /* Release */ = {
			isa = XCBuildConfiguration;
			buildSettings = {
				CLANG_ENABLE_MODULES = YES;
				CODE_SIGN_STYLE = Automatic;
				DEVELOPMENT_TEAM = 62VPKU8FKF;
				ENABLE_HARDENED_RUNTIME = YES;
				PRODUCT_NAME = "$(TARGET_NAME)";
				RUN_CLANG_STATIC_ANALYZER = YES;
				SWIFT_OBJC_BRIDGING_HEADER = "Challenges/Common/Challenges-Bridging-Header.h";
				SWIFT_VERSION = 5.0;
			};
			name = Release;
		};
/* End XCBuildConfiguration section */

/* Begin XCConfigurationList section */
		BEBA1E692A9DF99400F8815F /* Build configuration list for PBXProject "Challenges" */ = {
			isa = XCConfigurationList;
			buildConfigurations = (
				BEBA1E732A9DF99400F8815F /* Debug */,
				BEBA1E742A9DF99400F8815F /* Release */,
			);
			defaultConfigurationIsVisible = 0;
			defaultConfigurationName = Release;
		};
		BEBA1E752A9DF99400F8815F /* Build configuration list for PBXNativeTarget "Challenges" */ = {
			isa = XCConfigurationList;
			buildConfigurations = (
				BEBA1E762A9DF99400F8815F /* Debug */,
				BEBA1E772A9DF99400F8815F /* Release */,
			);
			defaultConfigurationIsVisible = 0;
			defaultConfigurationName = Release;
		};
/* End XCConfigurationList section */
	};
	rootObject = BEBA1E662A9DF99400F8815F /* Project object */;
}
