// !$*UTF8*$!
{
	archiveVersion = 1;
	classes = {
	};
	objectVersion = 56;
	objects = {

/* Begin PBXBuildFile section */
		BEBA1E722A9DF99400F8815F /* main.m in Sources */ = {isa = PBXBuildFile; fileRef = BEBA1E712A9DF99400F8815F /* main.m */; };
		BEBA1E822A9E007200F8815F /* NPChallengeSolver.m in Sources */ = {isa = PBXBuildFile; fileRef = BEBA1E812A9E007200F8815F /* NPChallengeSolver.m */; };
		BEBA1E862A9E04E200F8815F /* HWSChallenge01a_Swift.swift in Sources */ = {isa = PBXBuildFile; fileRef = BEBA1E852A9E04E200F8815F /* HWSChallenge01a_Swift.swift */; };
		BEBA1E8C2A9F1ECA00F8815F /* HWSChallenge01b_Swift.swift in Sources */ = {isa = PBXBuildFile; fileRef = BEBA1E8B2A9F1ECA00F8815F /* HWSChallenge01b_Swift.swift */; };
		BEBA1E8F2A9F2EC700F8815F /* HWSChallenge01_ObjC.m in Sources */ = {isa = PBXBuildFile; fileRef = BEBA1E8E2A9F2EC700F8815F /* HWSChallenge01_ObjC.m */; };
		BEBA1E922A9F485600F8815F /* HWSChallenge02_ObjC.m in Sources */ = {isa = PBXBuildFile; fileRef = BEBA1E912A9F485600F8815F /* HWSChallenge02_ObjC.m */; };
		BEBA1E942A9F4B1200F8815F /* HWSChallenge02_Swift.swift in Sources */ = {isa = PBXBuildFile; fileRef = BEBA1E932A9F4B1200F8815F /* HWSChallenge02_Swift.swift */; };
		BECA1DF52A9FCD380066F994 /* HWSChallenge17_ObjC.m in Sources */ = {isa = PBXBuildFile; fileRef = BECA1DF42A9FCD380066F994 /* HWSChallenge17_ObjC.m */; };
		BECA1DF72A9FD71A0066F994 /* HWSChallenge17_Swift.swift in Sources */ = {isa = PBXBuildFile; fileRef = BECA1DF62A9FD71A0066F994 /* HWSChallenge17_Swift.swift */; };
/* End PBXBuildFile section */

/* Begin PBXCopyFilesBuildPhase section */
		BEBA1E6C2A9DF99400F8815F /* CopyFiles */ = {
			isa = PBXCopyFilesBuildPhase;
			buildActionMask = 2147483647;
			dstPath = /usr/share/man/man1/;
			dstSubfolderSpec = 0;
			files = (
			);
			runOnlyForDeploymentPostprocessing = 1;
		};
/* End PBXCopyFilesBuildPhase section */

/* Begin PBXFileReference section */
		BEBA1E6E2A9DF99400F8815F /* Challenges */ = {isa = PBXFileReference; explicitFileType = "compiled.mach-o.executable"; includeInIndex = 0; path = Challenges; sourceTree = BUILT_PRODUCTS_DIR; };
		BEBA1E712A9DF99400F8815F /* main.m */ = {isa = PBXFileReference; lastKnownFileType = sourcecode.c.objc; path = main.m; sourceTree = "<group>"; };
		BEBA1E802A9E007200F8815F /* NPChallengeSolver.h */ = {isa = PBXFileReference; lastKnownFileType = sourcecode.c.h; path = NPChallengeSolver.h; sourceTree = "<group>"; };
		BEBA1E812A9E007200F8815F /* NPChallengeSolver.m */ = {isa = PBXFileReference; lastKnownFileType = sourcecode.c.objc; path = NPChallengeSolver.m; sourceTree = "<group>"; };
		BEBA1E832A9E009F00F8815F /* NPChallenge.h */ = {isa = PBXFileReference; lastKnownFileType = sourcecode.c.h; path = NPChallenge.h; sourceTree = "<group>"; };
		BEBA1E842A9E04E100F8815F /* Challenges-Bridging-Header.h */ = {isa = PBXFileReference; lastKnownFileType = sourcecode.c.h; path = "Challenges-Bridging-Header.h"; sourceTree = "<group>"; };
		BEBA1E852A9E04E200F8815F /* HWSChallenge01a_Swift.swift */ = {isa = PBXFileReference; lastKnownFileType = sourcecode.swift; path = HWSChallenge01a_Swift.swift; sourceTree = "<group>"; };
		BEBA1E8B2A9F1ECA00F8815F /* HWSChallenge01b_Swift.swift */ = {isa = PBXFileReference; lastKnownFileType = sourcecode.swift; path = HWSChallenge01b_Swift.swift; sourceTree = "<group>"; };
		BEBA1E8D2A9F2EC700F8815F /* HWSChallenge01_ObjC.h */ = {isa = PBXFileReference; lastKnownFileType = sourcecode.c.h; path = HWSChallenge01_ObjC.h; sourceTree = "<group>"; };
		BEBA1E8E2A9F2EC700F8815F /* HWSChallenge01_ObjC.m */ = {isa = PBXFileReference; lastKnownFileType = sourcecode.c.objc; path = HWSChallenge01_ObjC.m; sourceTree = "<group>"; };
		BEBA1E902A9F485600F8815F /* HWSChallenge02_ObjC.h */ = {isa = PBXFileReference; lastKnownFileType = sourcecode.c.h; path = HWSChallenge02_ObjC.h; sourceTree = "<group>"; };
		BEBA1E912A9F485600F8815F /* HWSChallenge02_ObjC.m */ = {isa = PBXFileReference; lastKnownFileType = sourcecode.c.objc; path = HWSChallenge02_ObjC.m; sourceTree = "<group>"; };
		BEBA1E932A9F4B1200F8815F /* HWSChallenge02_Swift.swift */ = {isa = PBXFileReference; lastKnownFileType = sourcecode.swift; path = HWSChallenge02_Swift.swift; sourceTree = "<group>"; };
		BECA1DF32A9FCD380066F994 /* HWSChallenge17_ObjC.h */ = {isa = PBXFileReference; lastKnownFileType = sourcecode.c.h; path = HWSChallenge17_ObjC.h; sourceTree = "<group>"; };
		BECA1DF42A9FCD380066F994 /* HWSChallenge17_ObjC.m */ = {isa = PBXFileReference; lastKnownFileType = sourcecode.c.objc; path = HWSChallenge17_ObjC.m; sourceTree = "<group>"; };
		BECA1DF62A9FD71A0066F994 /* HWSChallenge17_Swift.swift */ = {isa = PBXFileReference; lastKnownFileType = sourcecode.swift; path = HWSChallenge17_Swift.swift; sourceTree = "<group>"; };
/* End PBXFileReference section */

/* Begin PBXFrameworksBuildPhase section */
		BEBA1E6B2A9DF99400F8815F /* Frameworks */ = {
			isa = PBXFrameworksBuildPhase;
			buildActionMask = 2147483647;
			files = (
			);
			runOnlyForDeploymentPostprocessing = 0;
		};
/* End PBXFrameworksBuildPhase section */

/* Begin PBXGroup section */
		BEBA1E652A9DF99400F8815F = {
			isa = PBXGroup;
			children = (
				BEBA1E702A9DF99400F8815F /* Challenges */,
				BEBA1E6F2A9DF99400F8815F /* Products */,
			);
			sourceTree = "<group>";
		};
		BEBA1E6F2A9DF99400F8815F /* Products */ = {
			isa = PBXGroup;
			children = (
				BEBA1E6E2A9DF99400F8815F /* Challenges */,
			);
			name = Products;
			sourceTree = "<group>";
		};
		BEBA1E702A9DF99400F8815F /* Challenges */ = {
			isa = PBXGroup;
			children = (
				BEBA1E792A9DFAB200F8815F /* Common */,
				BEBA1E782A9DFA4400F8815F /* HWS */,
				BEBA1E712A9DF99400F8815F /* main.m */,
			);
			path = Challenges;
			sourceTree = "<group>";
		};
		BEBA1E782A9DFA4400F8815F /* HWS */ = {
			isa = PBXGroup;
			children = (
				BEBA1E872A9E060900F8815F /* ObjC */,
				BEBA1E882A9E061000F8815F /* Swift */,
			);
			path = HWS;
			sourceTree = "<group>";
		};
		BEBA1E792A9DFAB200F8815F /* Common */ = {
			isa = PBXGroup;
			children = (
				BEBA1E842A9E04E100F8815F /* Challenges-Bridging-Header.h */,
				BEBA1E802A9E007200F8815F /* NPChallengeSolver.h */,
				BEBA1E812A9E007200F8815F /* NPChallengeSolver.m */,
				BEBA1E832A9E009F00F8815F /* NPChallenge.h */,
			);
			path = Common;
			sourceTree = "<group>";
		};
		BEBA1E872A9E060900F8815F /* ObjC */ = {
			isa = PBXGroup;
			children = (
				BEBA1E8D2A9F2EC700F8815F /* HWSChallenge01_ObjC.h */,
				BEBA1E8E2A9F2EC700F8815F /* HWSChallenge01_ObjC.m */,
				BEBA1E902A9F485600F8815F /* HWSChallenge02_ObjC.h */,
				BEBA1E912A9F485600F8815F /* HWSChallenge02_ObjC.m */,
				BECA1DF32A9FCD380066F994 /* HWSChallenge17_ObjC.h */,
				BECA1DF42A9FCD380066F994 /* HWSChallenge17_ObjC.m */,
			);
			path = ObjC;
			sourceTree = "<group>";
		};
		BEBA1E882A9E061000F8815F /* Swift */ = {
			isa = PBXGroup;
			children = (
				BEBA1E852A9E04E200F8815F /* HWSChallenge01a_Swift.swift */,
				BEBA1E8B2A9F1ECA00F8815F /* HWSChallenge01b_Swift.swift */,
				BEBA1E932A9F4B1200F8815F /* HWSChallenge02_Swift.swift */,
				BECA1DF62A9FD71A0066F994 /* HWSChallenge17_Swift.swift */,
			);
			path = Swift;
			sourceTree = "<group>";
		};
/* End PBXGroup section */

/* Begin PBXNativeTarget section */
		BEBA1E6D2A9DF99400F8815F /* Challenges */ = {
			isa = PBXNativeTarget;
			buildConfigurationList = BEBA1E752A9DF99400F8815F /* Build configuration list for PBXNativeTarget "Challenges" */;
			buildPhases = (
				BEBA1E6A2A9DF99400F8815F /* Sources */,
				BEBA1E6B2A9DF99400F8815F /* Frameworks */,
				BEBA1E6C2A9DF99400F8815F /* CopyFiles */,
			);
			buildRules = (
			);
			dependencies = (
			);
			name = Challenges;
			productName = Challenges;
			productReference = BEBA1E6E2A9DF99400F8815F /* Challenges */;
			productType = "com.apple.product-type.tool";
		};
/* End PBXNativeTarget section */

/* Begin PBXProject section */
		BEBA1E662A9DF99400F8815F /* Project object */ = {
			isa = PBXProject;
			attributes = {
				BuildIndependentTargetsInParallel = 1;
				LastUpgradeCheck = 1430;
				TargetAttributes = {
					BEBA1E6D2A9DF99400F8815F = {
						CreatedOnToolsVersion = 14.3.1;
						LastSwiftMigration = 1430;
					};
				};
			};
			buildConfigurationList = BEBA1E692A9DF99400F8815F /* Build configuration list for PBXProject "Challenges" */;
			compatibilityVersion = "Xcode 14.0";
			developmentRegion = en;
			hasScannedForEncodings = 0;
			knownRegions = (
				en,
				Base,
			);
			mainGroup = BEBA1E652A9DF99400F8815F;
			productRefGroup = BEBA1E6F2A9DF99400F8815F /* Products */;
			projectDirPath = "";
			projectRoot = "";
			targets = (
				BEBA1E6D2A9DF99400F8815F /* Challenges */,
			);
		};
/* End PBXProject section */

/* Begin PBXSourcesBuildPhase section */
		BEBA1E6A2A9DF99400F8815F /* Sources */ = {
			isa = PBXSourcesBuildPhase;
			buildActionMask = 2147483647;
			files = (
				BEBA1E722A9DF99400F8815F /* main.m in Sources */,
				BEBA1E8F2A9F2EC700F8815F /* HWSChallenge01_ObjC.m in Sources */,
				BECA1DF52A9FCD380066F994 /* HWSChallenge17_ObjC.m in Sources */,
				BECA1DF72A9FD71A0066F994 /* HWSChallenge17_Swift.swift in Sources */,
				BEBA1E942A9F4B1200F8815F /* HWSChallenge02_Swift.swift in Sources */,
				BEBA1E8C2A9F1ECA00F8815F /* HWSChallenge01b_Swift.swift in Sources */,
				BEBA1E922A9F485600F8815F /* HWSChallenge02_ObjC.m in Sources */,
				BEBA1E862A9E04E200F8815F /* HWSChallenge01a_Swift.swift in Sources */,
				BEBA1E822A9E007200F8815F /* NPChallengeSolver.m in Sources */,
			);
			runOnlyForDeploymentPostprocessing = 0;
		};
/* End PBXSourcesBuildPhase section */

/* Begin XCBuildConfiguration section */
		BEBA1E732A9DF99400F8815F /* Debug */ = {
			isa = XCBuildConfiguration;
			buildSettings = {
				ALWAYS_SEARCH_USER_PATHS = NO;
				CLANG_ANALYZER_NONNULL = YES;
				CLANG_ANALYZER_NUMBER_OBJECT_CONVERSION = YES_AGGRESSIVE;
				CLANG_CXX_LANGUAGE_STANDARD = "gnu++20";
				CLANG_ENABLE_MODULES = YES;
				CLANG_ENABLE_OBJC_ARC = YES;
				CLANG_ENABLE_OBJC_WEAK = YES;
				CLANG_WARN_BLOCK_CAPTURE_AUTORELEASING = YES;
				CLANG_WARN_BOOL_CONVERSION = YES;
				CLANG_WARN_COMMA = YES;
				CLANG_WARN_CONSTANT_CONVERSION = YES;
				CLANG_WARN_DEPRECATED_OBJC_IMPLEMENTATIONS = YES;
				CLANG_WARN_DIRECT_OBJC_ISA_USAGE = YES_ERROR;
				CLANG_WARN_DOCUMENTATION_COMMENTS = YES;
				CLANG_WARN_EMPTY_BODY = YES;
				CLANG_WARN_ENUM_CONVERSION = YES;
				CLANG_WARN_INFINITE_RECURSION = YES;
				CLANG_WARN_INT_CONVERSION = YES;
				CLANG_WARN_NON_LITERAL_NULL_CONVERSION = YES;
				CLANG_WARN_OBJC_IMPLICIT_RETAIN_SELF = YES;
				CLANG_WARN_OBJC_LITERAL_CONVERSION = YES;
				CLANG_WARN_OBJC_ROOT_CLASS = YES_ERROR;
				CLANG_WARN_QUOTED_INCLUDE_IN_FRAMEWORK_HEADER = YES;
				CLANG_WARN_RANGE_LOOP_ANALYSIS = YES;
				CLANG_WARN_STRICT_PROTOTYPES = YES;
				CLANG_WARN_SUSPICIOUS_MOVE = YES;
				CLANG_WARN_UNGUARDED_AVAILABILITY = YES_AGGRESSIVE;
				CLANG_WARN_UNREACHABLE_CODE = YES;
				CLANG_WARN__DUPLICATE_METHOD_MATCH = YES;
				COPY_PHASE_STRIP = NO;
				DEBUG_INFORMATION_FORMAT = dwarf;
				ENABLE_STRICT_OBJC_MSGSEND = YES;
				ENABLE_TESTABILITY = YES;
				GCC_C_LANGUAGE_STANDARD = gnu11;
				GCC_DYNAMIC_NO_PIC = NO;
				GCC_NO_COMMON_BLOCKS = YES;
				GCC_OPTIMIZATION_LEVEL = 0;
				GCC_PREPROCESSOR_DEFINITIONS = (
					"DEBUG=1",
					"$(inherited)",
				);
				GCC_WARN_64_TO_32_BIT_CONVERSION = YES;
				GCC_WARN_ABOUT_RETURN_TYPE = YES_ERROR;
				GCC_WARN_UNDECLARED_SELECTOR = YES;
				GCC_WARN_UNINITIALIZED_AUTOS = YES_AGGRESSIVE;
				GCC_WARN_UNUSED_FUNCTION = YES;
				GCC_WARN_UNUSED_VARIABLE = YES;
				MACOSX_DEPLOYMENT_TARGET = 13.3;
				MTL_ENABLE_DEBUG_INFO = INCLUDE_SOURCE;
				MTL_FAST_MATH = YES;
				ONLY_ACTIVE_ARCH = YES;
				SDKROOT = macosx;
			};
			name = Debug;
		};
		BEBA1E742A9DF99400F8815F /* Release */ = {
			isa = XCBuildConfiguration;
			buildSettings = {
				ALWAYS_SEARCH_USER_PATHS = NO;
				CLANG_ANALYZER_NONNULL = YES;
				CLANG_ANALYZER_NUMBER_OBJECT_CONVERSION = YES_AGGRESSIVE;
				CLANG_CXX_LANGUAGE_STANDARD = "gnu++20";
				CLANG_ENABLE_MODULES = YES;
				CLANG_ENABLE_OBJC_ARC = YES;
				CLANG_ENABLE_OBJC_WEAK = YES;
				CLANG_WARN_BLOCK_CAPTURE_AUTORELEASING = YES;
				CLANG_WARN_BOOL_CONVERSION = YES;
				CLANG_WARN_COMMA = YES;
				CLANG_WARN_CONSTANT_CONVERSION = YES;
				CLANG_WARN_DEPRECATED_OBJC_IMPLEMENTATIONS = YES;
				CLANG_WARN_DIRECT_OBJC_ISA_USAGE = YES_ERROR;
				CLANG_WARN_DOCUMENTATION_COMMENTS = YES;
				CLANG_WARN_EMPTY_BODY = YES;
				CLANG_WARN_ENUM_CONVERSION = YES;
				CLANG_WARN_INFINITE_RECURSION = YES;
				CLANG_WARN_INT_CONVERSION = YES;
				CLANG_WARN_NON_LITERAL_NULL_CONVERSION = YES;
				CLANG_WARN_OBJC_IMPLICIT_RETAIN_SELF = YES;
				CLANG_WARN_OBJC_LITERAL_CONVERSION = YES;
				CLANG_WARN_OBJC_ROOT_CLASS = YES_ERROR;
				CLANG_WARN_QUOTED_INCLUDE_IN_FRAMEWORK_HEADER = YES;
				CLANG_WARN_RANGE_LOOP_ANALYSIS = YES;
				CLANG_WARN_STRICT_PROTOTYPES = YES;
				CLANG_WARN_SUSPICIOUS_MOVE = YES;
				CLANG_WARN_UNGUARDED_AVAILABILITY = YES_AGGRESSIVE;
				CLANG_WARN_UNREACHABLE_CODE = YES;
				CLANG_WARN__DUPLICATE_METHOD_MATCH = YES;
				COPY_PHASE_STRIP = NO;
				DEBUG_INFORMATION_FORMAT = "dwarf-with-dsym";
				ENABLE_NS_ASSERTIONS = NO;
				ENABLE_STRICT_OBJC_MSGSEND = YES;
				GCC_C_LANGUAGE_STANDARD = gnu11;
				GCC_NO_COMMON_BLOCKS = YES;
				GCC_WARN_64_TO_32_BIT_CONVERSION = YES;
				GCC_WARN_ABOUT_RETURN_TYPE = YES_ERROR;
				GCC_WARN_UNDECLARED_SELECTOR = YES;
				GCC_WARN_UNINITIALIZED_AUTOS = YES_AGGRESSIVE;
				GCC_WARN_UNUSED_FUNCTION = YES;
				GCC_WARN_UNUSED_VARIABLE = YES;
				MACOSX_DEPLOYMENT_TARGET = 13.3;
				MTL_ENABLE_DEBUG_INFO = NO;
				MTL_FAST_MATH = YES;
				SDKROOT = macosx;
			};
			name = Release;
		};
		BEBA1E762A9DF99400F8815F /* Debug */ = {
			isa = XCBuildConfiguration;
			buildSettings = {
				CLANG_ENABLE_MODULES = YES;
				CODE_SIGN_STYLE = Automatic;
				DEVELOPMENT_TEAM = 62VPKU8FKF;
				ENABLE_HARDENED_RUNTIME = YES;
				PRODUCT_NAME = "$(TARGET_NAME)";
				RUN_CLANG_STATIC_ANALYZER = YES;
				SWIFT_OBJC_BRIDGING_HEADER = "Challenges/Common/Challenges-Bridging-Header.h";
				SWIFT_OPTIMIZATION_LEVEL = "-Onone";
				SWIFT_VERSION = 5.0;
			};
			name = Debug;
		};
		BEBA1E772A9DF99400F8815F /* Release */ = {
			isa = XCBuildConfiguration;
			buildSettings = {
				CLANG_ENABLE_MODULES = YES;
				CODE_SIGN_STYLE = Automatic;
				DEVELOPMENT_TEAM = 62VPKU8FKF;
				ENABLE_HARDENED_RUNTIME = YES;
				PRODUCT_NAME = "$(TARGET_NAME)";
				RUN_CLANG_STATIC_ANALYZER = YES;
				SWIFT_OBJC_BRIDGING_HEADER = "Challenges/Common/Challenges-Bridging-Header.h";
				SWIFT_VERSION = 5.0;
			};
			name = Release;
		};
/* End XCBuildConfiguration section */

/* Begin XCConfigurationList section */
		BEBA1E692A9DF99400F8815F /* Build configuration list for PBXProject "Challenges" */ = {
			isa = XCConfigurationList;
			buildConfigurations = (
				BEBA1E732A9DF99400F8815F /* Debug */,
				BEBA1E742A9DF99400F8815F /* Release */,
			);
			defaultConfigurationIsVisible = 0;
			defaultConfigurationName = Release;
		};
		BEBA1E752A9DF99400F8815F /* Build configuration list for PBXNativeTarget "Challenges" */ = {
			isa = XCConfigurationList;
			buildConfigurations = (
				BEBA1E762A9DF99400F8815F /* Debug */,
				BEBA1E772A9DF99400F8815F /* Release */,
			);
			defaultConfigurationIsVisible = 0;
			defaultConfigurationName = Release;
		};
/* End XCConfigurationList section */
	};
	rootObject = BEBA1E662A9DF99400F8815F /* Project object */;
}
